
Microsoft Visual Studio Solution File, Format Version 12.00
# Visual Studio Version 16
VisualStudioVersion = 16.0.30709.64
MinimumVisualStudioVersion = 10.0.40219.1
Project("{2150E333-8FDC-42A3-9474-1A3956D46DE8}") = "Platforms", "Platforms", "{5793CD93-7111-4201-BC2C-EE527A10F1DB}"
EndProject
Project("{FAE04EC0-301F-11D3-BF4B-00C04F79EFBC}") = "TankSim.Client.Uno.Droid", "TankSim.Client.Uno\TankSim.Client.Uno.Droid\TankSim.Client.Uno.Droid.csproj", "{942AC12F-2808-4DCC-AA4D-392F804DA57A}"
EndProject
Project("{FAE04EC0-301F-11D3-BF4B-00C04F79EFBC}") = "TankSim.Client.Uno.iOS", "TankSim.Client.Uno\TankSim.Client.Uno.iOS\TankSim.Client.Uno.iOS.csproj", "{72948B3D-BA1D-4D74-A418-243B7A2F20E4}"
EndProject
Project("{FAE04EC0-301F-11D3-BF4B-00C04F79EFBC}") = "TankSim.Client.Uno.UWP", "TankSim.Client.Uno\TankSim.Client.Uno.UWP\TankSim.Client.Uno.UWP.csproj", "{475B630B-74E3-4FD5-8F4C-0656612FAF53}"
EndProject
Project("{9A19103F-16F7-4668-BE54-9A1E7A4F7556}") = "TankSim.Client.Uno.Wasm", "TankSim.Client.Uno\TankSim.Client.Uno.Wasm\TankSim.Client.Uno.Wasm.csproj", "{7E8795AA-2CAC-46C3-8DFC-5EB0A75A0391}"
EndProject
Project("{FAE04EC0-301F-11D3-BF4B-00C04F79EFBC}") = "TankSim.Client.Uno.macOS", "TankSim.Client.Uno\TankSim.Client.Uno.macOS\TankSim.Client.Uno.macOS.csproj", "{3834A1B0-285A-415A-BD4A-2BF61CF6E8C9}"
EndProject
Project("{9A19103F-16F7-4668-BE54-9A1E7A4F7556}") = "TankSim.Client.Uno.Skia.Wpf.Host", "TankSim.Client.Uno\TankSim.Client.Uno.Skia.Wpf.Host\TankSim.Client.Uno.Skia.Wpf.Host.csproj", "{7239DB29-CA20-4A8C-A058-2B5E814B001A}"
EndProject
Project("{9A19103F-16F7-4668-BE54-9A1E7A4F7556}") = "TankSim.Client.Uno.Skia.Wpf", "TankSim.Client.Uno\TankSim.Client.Uno.Skia.Wpf\TankSim.Client.Uno.Skia.Wpf.csproj", "{04D7A00C-9D81-428F-95B1-795DC8D90615}"
EndProject
Project("{9A19103F-16F7-4668-BE54-9A1E7A4F7556}") = "TankSim.Client.Uno.Skia.Gtk", "TankSim.Client.Uno\TankSim.Client.Uno.Skia.Gtk\TankSim.Client.Uno.Skia.Gtk.csproj", "{8E9CBDB3-FB65-4693-A1C1-311D219A3B66}"
EndProject
Project("{9A19103F-16F7-4668-BE54-9A1E7A4F7556}") = "TankSim.Client.Uno.Skia.Tizen", "TankSim.Client.Uno\TankSim.Client.Uno.Skia.Tizen\TankSim.Client.Uno.Skia.Tizen.csproj", "{81DA164B-DB74-4799-A0F0-0FD767689EC7}"
EndProject
Project("{D954291E-2A0B-460D-934E-DC6B0785DB48}") = "TankSim.Client.Uno.Shared", "TankSim.Client.Uno\TankSim.Client.Uno.Shared\TankSim.Client.Uno.Shared.shproj", "{6279C845-92F8-4333-AB99-3D213163593C}"
EndProject
Global
	GlobalSection(SharedMSBuildProjectFiles) = preSolution
		TankSim.Client.Uno\TankSim.Client.Uno.Shared\TankSim.Client.Uno.Shared.projitems*{04d7a00c-9d81-428f-95b1-795dc8d90615}*SharedItemsImports = 5
		TankSim.Client.Uno\TankSim.Client.Uno.Shared\TankSim.Client.Uno.Shared.projitems*{3834a1b0-285a-415a-bd4a-2bf61cf6e8c9}*SharedItemsImports = 4
		TankSim.Client.Uno\TankSim.Client.Uno.Shared\TankSim.Client.Uno.Shared.projitems*{475b630b-74e3-4fd5-8f4c-0656612faf53}*SharedItemsImports = 4
		TankSim.Client.Uno\TankSim.Client.Uno.Shared\TankSim.Client.Uno.Shared.projitems*{6279c845-92f8-4333-ab99-3d213163593c}*SharedItemsImports = 13
		TankSim.Client.Uno\TankSim.Client.Uno.Shared\TankSim.Client.Uno.Shared.projitems*{72948b3d-ba1d-4d74-a418-243b7a2f20e4}*SharedItemsImports = 4
		TankSim.Client.Uno\TankSim.Client.Uno.Shared\TankSim.Client.Uno.Shared.projitems*{7e8795aa-2cac-46c3-8dfc-5eb0a75a0391}*SharedItemsImports = 5
		TankSim.Client.Uno\TankSim.Client.Uno.Shared\TankSim.Client.Uno.Shared.projitems*{81da164b-db74-4799-a0f0-0fd767689ec7}*SharedItemsImports = 5
		TankSim.Client.Uno\TankSim.Client.Uno.Shared\TankSim.Client.Uno.Shared.projitems*{8e9cbdb3-fb65-4693-a1c1-311d219a3b66}*SharedItemsImports = 5
		TankSim.Client.Uno\TankSim.Client.Uno.Shared\TankSim.Client.Uno.Shared.projitems*{942ac12f-2808-4dcc-aa4d-392f804da57a}*SharedItemsImports = 4
	EndGlobalSection
	GlobalSection(SolutionConfigurationPlatforms) = preSolution
		Ad-Hoc|Any CPU = Ad-Hoc|Any CPU
		Ad-Hoc|ARM = Ad-Hoc|ARM
		Ad-Hoc|ARM64 = Ad-Hoc|ARM64
		Ad-Hoc|iPhone = Ad-Hoc|iPhone
		Ad-Hoc|iPhoneSimulator = Ad-Hoc|iPhoneSimulator
		Ad-Hoc|x64 = Ad-Hoc|x64
		Ad-Hoc|x86 = Ad-Hoc|x86
		AppStore|Any CPU = AppStore|Any CPU
		AppStore|ARM = AppStore|ARM
		AppStore|ARM64 = AppStore|ARM64
		AppStore|iPhone = AppStore|iPhone
		AppStore|iPhoneSimulator = AppStore|iPhoneSimulator
		AppStore|x64 = AppStore|x64
		AppStore|x86 = AppStore|x86
		Debug|Any CPU = Debug|Any CPU
		Debug|ARM = Debug|ARM
		Debug|ARM64 = Debug|ARM64
		Debug|iPhone = Debug|iPhone
		Debug|iPhoneSimulator = Debug|iPhoneSimulator
		Debug|x64 = Debug|x64
		Debug|x86 = Debug|x86
		Release|Any CPU = Release|Any CPU
		Release|ARM = Release|ARM
		Release|ARM64 = Release|ARM64
		Release|iPhone = Release|iPhone
		Release|iPhoneSimulator = Release|iPhoneSimulator
		Release|x64 = Release|x64
		Release|x86 = Release|x86
	EndGlobalSection
	GlobalSection(ProjectConfigurationPlatforms) = postSolution
		{942AC12F-2808-4DCC-AA4D-392F804DA57A}.Ad-Hoc|Any CPU.ActiveCfg = Debug|Any CPU
		{942AC12F-2808-4DCC-AA4D-392F804DA57A}.Ad-Hoc|Any CPU.Build.0 = Debug|Any CPU
		{942AC12F-2808-4DCC-AA4D-392F804DA57A}.Ad-Hoc|Any CPU.Deploy.0 = Debug|Any CPU
		{942AC12F-2808-4DCC-AA4D-392F804DA57A}.Ad-Hoc|ARM.ActiveCfg = Debug|Any CPU
		{942AC12F-2808-4DCC-AA4D-392F804DA57A}.Ad-Hoc|ARM.Build.0 = Debug|Any CPU
		{942AC12F-2808-4DCC-AA4D-392F804DA57A}.Ad-Hoc|ARM.Deploy.0 = Debug|Any CPU
		{942AC12F-2808-4DCC-AA4D-392F804DA57A}.Ad-Hoc|ARM64.ActiveCfg = Debug|Any CPU
		{942AC12F-2808-4DCC-AA4D-392F804DA57A}.Ad-Hoc|ARM64.Build.0 = Debug|Any CPU
		{942AC12F-2808-4DCC-AA4D-392F804DA57A}.Ad-Hoc|ARM64.Deploy.0 = Debug|Any CPU
		{942AC12F-2808-4DCC-AA4D-392F804DA57A}.Ad-Hoc|iPhone.ActiveCfg = Debug|Any CPU
		{942AC12F-2808-4DCC-AA4D-392F804DA57A}.Ad-Hoc|iPhone.Build.0 = Debug|Any CPU
		{942AC12F-2808-4DCC-AA4D-392F804DA57A}.Ad-Hoc|iPhone.Deploy.0 = Debug|Any CPU
		{942AC12F-2808-4DCC-AA4D-392F804DA57A}.Ad-Hoc|iPhoneSimulator.ActiveCfg = Debug|Any CPU
		{942AC12F-2808-4DCC-AA4D-392F804DA57A}.Ad-Hoc|iPhoneSimulator.Build.0 = Debug|Any CPU
		{942AC12F-2808-4DCC-AA4D-392F804DA57A}.Ad-Hoc|iPhoneSimulator.Deploy.0 = Debug|Any CPU
		{942AC12F-2808-4DCC-AA4D-392F804DA57A}.Ad-Hoc|x64.ActiveCfg = Debug|Any CPU
		{942AC12F-2808-4DCC-AA4D-392F804DA57A}.Ad-Hoc|x64.Build.0 = Debug|Any CPU
		{942AC12F-2808-4DCC-AA4D-392F804DA57A}.Ad-Hoc|x64.Deploy.0 = Debug|Any CPU
		{942AC12F-2808-4DCC-AA4D-392F804DA57A}.Ad-Hoc|x86.ActiveCfg = Debug|Any CPU
		{942AC12F-2808-4DCC-AA4D-392F804DA57A}.Ad-Hoc|x86.Build.0 = Debug|Any CPU
		{942AC12F-2808-4DCC-AA4D-392F804DA57A}.Ad-Hoc|x86.Deploy.0 = Debug|Any CPU
		{942AC12F-2808-4DCC-AA4D-392F804DA57A}.AppStore|Any CPU.ActiveCfg = Debug|Any CPU
		{942AC12F-2808-4DCC-AA4D-392F804DA57A}.AppStore|Any CPU.Build.0 = Debug|Any CPU
		{942AC12F-2808-4DCC-AA4D-392F804DA57A}.AppStore|Any CPU.Deploy.0 = Debug|Any CPU
		{942AC12F-2808-4DCC-AA4D-392F804DA57A}.AppStore|ARM.ActiveCfg = Debug|Any CPU
		{942AC12F-2808-4DCC-AA4D-392F804DA57A}.AppStore|ARM.Build.0 = Debug|Any CPU
		{942AC12F-2808-4DCC-AA4D-392F804DA57A}.AppStore|ARM.Deploy.0 = Debug|Any CPU
		{942AC12F-2808-4DCC-AA4D-392F804DA57A}.AppStore|ARM64.ActiveCfg = Debug|Any CPU
		{942AC12F-2808-4DCC-AA4D-392F804DA57A}.AppStore|ARM64.Build.0 = Debug|Any CPU
		{942AC12F-2808-4DCC-AA4D-392F804DA57A}.AppStore|ARM64.Deploy.0 = Debug|Any CPU
		{942AC12F-2808-4DCC-AA4D-392F804DA57A}.AppStore|iPhone.ActiveCfg = Debug|Any CPU
		{942AC12F-2808-4DCC-AA4D-392F804DA57A}.AppStore|iPhone.Build.0 = Debug|Any CPU
		{942AC12F-2808-4DCC-AA4D-392F804DA57A}.AppStore|iPhone.Deploy.0 = Debug|Any CPU
		{942AC12F-2808-4DCC-AA4D-392F804DA57A}.AppStore|iPhoneSimulator.ActiveCfg = Debug|Any CPU
		{942AC12F-2808-4DCC-AA4D-392F804DA57A}.AppStore|iPhoneSimulator.Build.0 = Debug|Any CPU
		{942AC12F-2808-4DCC-AA4D-392F804DA57A}.AppStore|iPhoneSimulator.Deploy.0 = Debug|Any CPU
		{942AC12F-2808-4DCC-AA4D-392F804DA57A}.AppStore|x64.ActiveCfg = Debug|Any CPU
		{942AC12F-2808-4DCC-AA4D-392F804DA57A}.AppStore|x64.Build.0 = Debug|Any CPU
		{942AC12F-2808-4DCC-AA4D-392F804DA57A}.AppStore|x64.Deploy.0 = Debug|Any CPU
		{942AC12F-2808-4DCC-AA4D-392F804DA57A}.AppStore|x86.ActiveCfg = Debug|Any CPU
		{942AC12F-2808-4DCC-AA4D-392F804DA57A}.AppStore|x86.Build.0 = Debug|Any CPU
		{942AC12F-2808-4DCC-AA4D-392F804DA57A}.AppStore|x86.Deploy.0 = Debug|Any CPU
		{942AC12F-2808-4DCC-AA4D-392F804DA57A}.Debug|Any CPU.ActiveCfg = Debug|Any CPU
		{942AC12F-2808-4DCC-AA4D-392F804DA57A}.Debug|Any CPU.Build.0 = Debug|Any CPU
		{942AC12F-2808-4DCC-AA4D-392F804DA57A}.Debug|Any CPU.Deploy.0 = Debug|Any CPU
		{942AC12F-2808-4DCC-AA4D-392F804DA57A}.Debug|ARM.ActiveCfg = Debug|Any CPU
		{942AC12F-2808-4DCC-AA4D-392F804DA57A}.Debug|ARM.Build.0 = Debug|Any CPU
		{942AC12F-2808-4DCC-AA4D-392F804DA57A}.Debug|ARM.Deploy.0 = Debug|Any CPU
		{942AC12F-2808-4DCC-AA4D-392F804DA57A}.Debug|ARM64.ActiveCfg = Debug|Any CPU
		{942AC12F-2808-4DCC-AA4D-392F804DA57A}.Debug|ARM64.Build.0 = Debug|Any CPU
		{942AC12F-2808-4DCC-AA4D-392F804DA57A}.Debug|ARM64.Deploy.0 = Debug|Any CPU
		{942AC12F-2808-4DCC-AA4D-392F804DA57A}.Debug|iPhone.ActiveCfg = Debug|Any CPU
		{942AC12F-2808-4DCC-AA4D-392F804DA57A}.Debug|iPhone.Build.0 = Debug|Any CPU
		{942AC12F-2808-4DCC-AA4D-392F804DA57A}.Debug|iPhone.Deploy.0 = Debug|Any CPU
		{942AC12F-2808-4DCC-AA4D-392F804DA57A}.Debug|iPhoneSimulator.ActiveCfg = Debug|Any CPU
		{942AC12F-2808-4DCC-AA4D-392F804DA57A}.Debug|iPhoneSimulator.Build.0 = Debug|Any CPU
		{942AC12F-2808-4DCC-AA4D-392F804DA57A}.Debug|iPhoneSimulator.Deploy.0 = Debug|Any CPU
		{942AC12F-2808-4DCC-AA4D-392F804DA57A}.Debug|x64.ActiveCfg = Debug|Any CPU
		{942AC12F-2808-4DCC-AA4D-392F804DA57A}.Debug|x64.Build.0 = Debug|Any CPU
		{942AC12F-2808-4DCC-AA4D-392F804DA57A}.Debug|x64.Deploy.0 = Debug|Any CPU
		{942AC12F-2808-4DCC-AA4D-392F804DA57A}.Debug|x86.ActiveCfg = Debug|Any CPU
		{942AC12F-2808-4DCC-AA4D-392F804DA57A}.Debug|x86.Build.0 = Debug|Any CPU
		{942AC12F-2808-4DCC-AA4D-392F804DA57A}.Debug|x86.Deploy.0 = Debug|Any CPU
		{942AC12F-2808-4DCC-AA4D-392F804DA57A}.Release|Any CPU.ActiveCfg = Release|Any CPU
		{942AC12F-2808-4DCC-AA4D-392F804DA57A}.Release|Any CPU.Build.0 = Release|Any CPU
		{942AC12F-2808-4DCC-AA4D-392F804DA57A}.Release|Any CPU.Deploy.0 = Release|Any CPU
		{942AC12F-2808-4DCC-AA4D-392F804DA57A}.Release|ARM.ActiveCfg = Release|Any CPU
		{942AC12F-2808-4DCC-AA4D-392F804DA57A}.Release|ARM.Build.0 = Release|Any CPU
		{942AC12F-2808-4DCC-AA4D-392F804DA57A}.Release|ARM.Deploy.0 = Release|Any CPU
		{942AC12F-2808-4DCC-AA4D-392F804DA57A}.Release|ARM64.ActiveCfg = Release|Any CPU
		{942AC12F-2808-4DCC-AA4D-392F804DA57A}.Release|ARM64.Build.0 = Release|Any CPU
		{942AC12F-2808-4DCC-AA4D-392F804DA57A}.Release|ARM64.Deploy.0 = Release|Any CPU
		{942AC12F-2808-4DCC-AA4D-392F804DA57A}.Release|iPhone.ActiveCfg = Release|Any CPU
		{942AC12F-2808-4DCC-AA4D-392F804DA57A}.Release|iPhone.Build.0 = Release|Any CPU
		{942AC12F-2808-4DCC-AA4D-392F804DA57A}.Release|iPhone.Deploy.0 = Release|Any CPU
		{942AC12F-2808-4DCC-AA4D-392F804DA57A}.Release|iPhoneSimulator.ActiveCfg = Release|Any CPU
		{942AC12F-2808-4DCC-AA4D-392F804DA57A}.Release|iPhoneSimulator.Build.0 = Release|Any CPU
		{942AC12F-2808-4DCC-AA4D-392F804DA57A}.Release|iPhoneSimulator.Deploy.0 = Release|Any CPU
		{942AC12F-2808-4DCC-AA4D-392F804DA57A}.Release|x64.ActiveCfg = Release|Any CPU
		{942AC12F-2808-4DCC-AA4D-392F804DA57A}.Release|x64.Build.0 = Release|Any CPU
		{942AC12F-2808-4DCC-AA4D-392F804DA57A}.Release|x64.Deploy.0 = Release|Any CPU
		{942AC12F-2808-4DCC-AA4D-392F804DA57A}.Release|x86.ActiveCfg = Release|Any CPU
		{942AC12F-2808-4DCC-AA4D-392F804DA57A}.Release|x86.Build.0 = Release|Any CPU
		{942AC12F-2808-4DCC-AA4D-392F804DA57A}.Release|x86.Deploy.0 = Release|Any CPU
		{72948B3D-BA1D-4D74-A418-243B7A2F20E4}.Ad-Hoc|Any CPU.ActiveCfg = Ad-Hoc|iPhoneSimulator
		{72948B3D-BA1D-4D74-A418-243B7A2F20E4}.Ad-Hoc|ARM.ActiveCfg = Ad-Hoc|iPhoneSimulator
		{72948B3D-BA1D-4D74-A418-243B7A2F20E4}.Ad-Hoc|ARM64.ActiveCfg = Ad-Hoc|iPhoneSimulator
		{72948B3D-BA1D-4D74-A418-243B7A2F20E4}.Ad-Hoc|iPhone.ActiveCfg = Ad-Hoc|iPhone
		{72948B3D-BA1D-4D74-A418-243B7A2F20E4}.Ad-Hoc|iPhone.Build.0 = Ad-Hoc|iPhone
		{72948B3D-BA1D-4D74-A418-243B7A2F20E4}.Ad-Hoc|iPhoneSimulator.ActiveCfg = Ad-Hoc|iPhoneSimulator
		{72948B3D-BA1D-4D74-A418-243B7A2F20E4}.Ad-Hoc|iPhoneSimulator.Build.0 = Ad-Hoc|iPhoneSimulator
		{72948B3D-BA1D-4D74-A418-243B7A2F20E4}.Ad-Hoc|x64.ActiveCfg = Ad-Hoc|iPhoneSimulator
		{72948B3D-BA1D-4D74-A418-243B7A2F20E4}.Ad-Hoc|x86.ActiveCfg = Ad-Hoc|iPhoneSimulator
		{72948B3D-BA1D-4D74-A418-243B7A2F20E4}.AppStore|Any CPU.ActiveCfg = AppStore|iPhoneSimulator
		{72948B3D-BA1D-4D74-A418-243B7A2F20E4}.AppStore|ARM.ActiveCfg = AppStore|iPhoneSimulator
		{72948B3D-BA1D-4D74-A418-243B7A2F20E4}.AppStore|ARM64.ActiveCfg = AppStore|iPhoneSimulator
		{72948B3D-BA1D-4D74-A418-243B7A2F20E4}.AppStore|iPhone.ActiveCfg = AppStore|iPhone
		{72948B3D-BA1D-4D74-A418-243B7A2F20E4}.AppStore|iPhone.Build.0 = AppStore|iPhone
		{72948B3D-BA1D-4D74-A418-243B7A2F20E4}.AppStore|iPhoneSimulator.ActiveCfg = AppStore|iPhoneSimulator
		{72948B3D-BA1D-4D74-A418-243B7A2F20E4}.AppStore|iPhoneSimulator.Build.0 = AppStore|iPhoneSimulator
		{72948B3D-BA1D-4D74-A418-243B7A2F20E4}.AppStore|x64.ActiveCfg = AppStore|iPhoneSimulator
		{72948B3D-BA1D-4D74-A418-243B7A2F20E4}.AppStore|x86.ActiveCfg = AppStore|iPhoneSimulator
		{72948B3D-BA1D-4D74-A418-243B7A2F20E4}.Debug|Any CPU.ActiveCfg = Debug|iPhoneSimulator
		{72948B3D-BA1D-4D74-A418-243B7A2F20E4}.Debug|ARM.ActiveCfg = Debug|iPhoneSimulator
		{72948B3D-BA1D-4D74-A418-243B7A2F20E4}.Debug|ARM64.ActiveCfg = Debug|iPhoneSimulator
		{72948B3D-BA1D-4D74-A418-243B7A2F20E4}.Debug|iPhone.ActiveCfg = Debug|iPhone
		{72948B3D-BA1D-4D74-A418-243B7A2F20E4}.Debug|iPhone.Build.0 = Debug|iPhone
		{72948B3D-BA1D-4D74-A418-243B7A2F20E4}.Debug|iPhoneSimulator.ActiveCfg = Debug|iPhoneSimulator
		{72948B3D-BA1D-4D74-A418-243B7A2F20E4}.Debug|iPhoneSimulator.Build.0 = Debug|iPhoneSimulator
		{72948B3D-BA1D-4D74-A418-243B7A2F20E4}.Debug|x64.ActiveCfg = Debug|iPhoneSimulator
		{72948B3D-BA1D-4D74-A418-243B7A2F20E4}.Debug|x86.ActiveCfg = Debug|iPhoneSimulator
		{72948B3D-BA1D-4D74-A418-243B7A2F20E4}.Release|Any CPU.ActiveCfg = Release|iPhoneSimulator
		{72948B3D-BA1D-4D74-A418-243B7A2F20E4}.Release|ARM.ActiveCfg = Release|iPhoneSimulator
		{72948B3D-BA1D-4D74-A418-243B7A2F20E4}.Release|ARM64.ActiveCfg = Release|iPhoneSimulator
		{72948B3D-BA1D-4D74-A418-243B7A2F20E4}.Release|iPhone.ActiveCfg = Release|iPhone
		{72948B3D-BA1D-4D74-A418-243B7A2F20E4}.Release|iPhone.Build.0 = Release|iPhone
		{72948B3D-BA1D-4D74-A418-243B7A2F20E4}.Release|iPhoneSimulator.ActiveCfg = Release|iPhoneSimulator
		{72948B3D-BA1D-4D74-A418-243B7A2F20E4}.Release|iPhoneSimulator.Build.0 = Release|iPhoneSimulator
		{72948B3D-BA1D-4D74-A418-243B7A2F20E4}.Release|x64.ActiveCfg = Release|iPhoneSimulator
		{72948B3D-BA1D-4D74-A418-243B7A2F20E4}.Release|x86.ActiveCfg = Release|iPhoneSimulator
		{475B630B-74E3-4FD5-8F4C-0656612FAF53}.Ad-Hoc|Any CPU.ActiveCfg = Debug|x86
		{475B630B-74E3-4FD5-8F4C-0656612FAF53}.Ad-Hoc|Any CPU.Build.0 = Debug|x86
		{475B630B-74E3-4FD5-8F4C-0656612FAF53}.Ad-Hoc|Any CPU.Deploy.0 = Debug|x86
		{475B630B-74E3-4FD5-8F4C-0656612FAF53}.Ad-Hoc|ARM.ActiveCfg = Debug|ARM
		{475B630B-74E3-4FD5-8F4C-0656612FAF53}.Ad-Hoc|ARM.Build.0 = Debug|ARM
		{475B630B-74E3-4FD5-8F4C-0656612FAF53}.Ad-Hoc|ARM.Deploy.0 = Debug|ARM
		{475B630B-74E3-4FD5-8F4C-0656612FAF53}.Ad-Hoc|ARM64.ActiveCfg = Debug|ARM64
		{475B630B-74E3-4FD5-8F4C-0656612FAF53}.Ad-Hoc|ARM64.Build.0 = Debug|ARM64
		{475B630B-74E3-4FD5-8F4C-0656612FAF53}.Ad-Hoc|ARM64.Deploy.0 = Debug|ARM64
		{475B630B-74E3-4FD5-8F4C-0656612FAF53}.Ad-Hoc|iPhone.ActiveCfg = Debug|x86
		{475B630B-74E3-4FD5-8F4C-0656612FAF53}.Ad-Hoc|iPhone.Build.0 = Debug|x86
		{475B630B-74E3-4FD5-8F4C-0656612FAF53}.Ad-Hoc|iPhone.Deploy.0 = Debug|x86
		{475B630B-74E3-4FD5-8F4C-0656612FAF53}.Ad-Hoc|iPhoneSimulator.ActiveCfg = Debug|x86
		{475B630B-74E3-4FD5-8F4C-0656612FAF53}.Ad-Hoc|iPhoneSimulator.Build.0 = Debug|x86
		{475B630B-74E3-4FD5-8F4C-0656612FAF53}.Ad-Hoc|iPhoneSimulator.Deploy.0 = Debug|x86
		{475B630B-74E3-4FD5-8F4C-0656612FAF53}.Ad-Hoc|x64.ActiveCfg = Debug|x64
		{475B630B-74E3-4FD5-8F4C-0656612FAF53}.Ad-Hoc|x64.Build.0 = Debug|x64
		{475B630B-74E3-4FD5-8F4C-0656612FAF53}.Ad-Hoc|x64.Deploy.0 = Debug|x64
		{475B630B-74E3-4FD5-8F4C-0656612FAF53}.Ad-Hoc|x86.ActiveCfg = Debug|x86
		{475B630B-74E3-4FD5-8F4C-0656612FAF53}.Ad-Hoc|x86.Build.0 = Debug|x86
		{475B630B-74E3-4FD5-8F4C-0656612FAF53}.Ad-Hoc|x86.Deploy.0 = Debug|x86
		{475B630B-74E3-4FD5-8F4C-0656612FAF53}.AppStore|Any CPU.ActiveCfg = Debug|x86
		{475B630B-74E3-4FD5-8F4C-0656612FAF53}.AppStore|Any CPU.Build.0 = Debug|x86
		{475B630B-74E3-4FD5-8F4C-0656612FAF53}.AppStore|Any CPU.Deploy.0 = Debug|x86
		{475B630B-74E3-4FD5-8F4C-0656612FAF53}.AppStore|ARM.ActiveCfg = Debug|ARM
		{475B630B-74E3-4FD5-8F4C-0656612FAF53}.AppStore|ARM.Build.0 = Debug|ARM
		{475B630B-74E3-4FD5-8F4C-0656612FAF53}.AppStore|ARM.Deploy.0 = Debug|ARM
		{475B630B-74E3-4FD5-8F4C-0656612FAF53}.AppStore|ARM64.ActiveCfg = Debug|ARM64
		{475B630B-74E3-4FD5-8F4C-0656612FAF53}.AppStore|ARM64.Build.0 = Debug|ARM64
		{475B630B-74E3-4FD5-8F4C-0656612FAF53}.AppStore|ARM64.Deploy.0 = Debug|ARM64
		{475B630B-74E3-4FD5-8F4C-0656612FAF53}.AppStore|iPhone.ActiveCfg = Debug|x86
		{475B630B-74E3-4FD5-8F4C-0656612FAF53}.AppStore|iPhone.Build.0 = Debug|x86
		{475B630B-74E3-4FD5-8F4C-0656612FAF53}.AppStore|iPhone.Deploy.0 = Debug|x86
		{475B630B-74E3-4FD5-8F4C-0656612FAF53}.AppStore|iPhoneSimulator.ActiveCfg = Debug|x86
		{475B630B-74E3-4FD5-8F4C-0656612FAF53}.AppStore|iPhoneSimulator.Build.0 = Debug|x86
		{475B630B-74E3-4FD5-8F4C-0656612FAF53}.AppStore|iPhoneSimulator.Deploy.0 = Debug|x86
		{475B630B-74E3-4FD5-8F4C-0656612FAF53}.AppStore|x64.ActiveCfg = Debug|x64
		{475B630B-74E3-4FD5-8F4C-0656612FAF53}.AppStore|x64.Build.0 = Debug|x64
		{475B630B-74E3-4FD5-8F4C-0656612FAF53}.AppStore|x64.Deploy.0 = Debug|x64
		{475B630B-74E3-4FD5-8F4C-0656612FAF53}.AppStore|x86.ActiveCfg = Debug|x86
		{475B630B-74E3-4FD5-8F4C-0656612FAF53}.AppStore|x86.Build.0 = Debug|x86
		{475B630B-74E3-4FD5-8F4C-0656612FAF53}.AppStore|x86.Deploy.0 = Debug|x86
		{475B630B-74E3-4FD5-8F4C-0656612FAF53}.Debug|Any CPU.ActiveCfg = Debug|x86
		{475B630B-74E3-4FD5-8F4C-0656612FAF53}.Debug|ARM.ActiveCfg = Debug|ARM
		{475B630B-74E3-4FD5-8F4C-0656612FAF53}.Debug|ARM.Build.0 = Debug|ARM
		{475B630B-74E3-4FD5-8F4C-0656612FAF53}.Debug|ARM.Deploy.0 = Debug|ARM
		{475B630B-74E3-4FD5-8F4C-0656612FAF53}.Debug|ARM64.ActiveCfg = Debug|ARM64
		{475B630B-74E3-4FD5-8F4C-0656612FAF53}.Debug|ARM64.Build.0 = Debug|ARM64
		{475B630B-74E3-4FD5-8F4C-0656612FAF53}.Debug|ARM64.Deploy.0 = Debug|ARM64
		{475B630B-74E3-4FD5-8F4C-0656612FAF53}.Debug|iPhone.ActiveCfg = Debug|x86
		{475B630B-74E3-4FD5-8F4C-0656612FAF53}.Debug|iPhoneSimulator.ActiveCfg = Debug|x86
		{475B630B-74E3-4FD5-8F4C-0656612FAF53}.Debug|x64.ActiveCfg = Debug|x64
		{475B630B-74E3-4FD5-8F4C-0656612FAF53}.Debug|x64.Build.0 = Debug|x64
		{475B630B-74E3-4FD5-8F4C-0656612FAF53}.Debug|x64.Deploy.0 = Debug|x64
		{475B630B-74E3-4FD5-8F4C-0656612FAF53}.Debug|x86.ActiveCfg = Debug|x86
		{475B630B-74E3-4FD5-8F4C-0656612FAF53}.Debug|x86.Build.0 = Debug|x86
		{475B630B-74E3-4FD5-8F4C-0656612FAF53}.Debug|x86.Deploy.0 = Debug|x86
		{475B630B-74E3-4FD5-8F4C-0656612FAF53}.Release|Any CPU.ActiveCfg = Release|x86
		{475B630B-74E3-4FD5-8F4C-0656612FAF53}.Release|ARM.ActiveCfg = Release|ARM
		{475B630B-74E3-4FD5-8F4C-0656612FAF53}.Release|ARM.Build.0 = Release|ARM
		{475B630B-74E3-4FD5-8F4C-0656612FAF53}.Release|ARM.Deploy.0 = Release|ARM
		{475B630B-74E3-4FD5-8F4C-0656612FAF53}.Release|ARM64.ActiveCfg = Release|ARM64
		{475B630B-74E3-4FD5-8F4C-0656612FAF53}.Release|ARM64.Build.0 = Release|ARM64
		{475B630B-74E3-4FD5-8F4C-0656612FAF53}.Release|ARM64.Deploy.0 = Release|ARM64
		{475B630B-74E3-4FD5-8F4C-0656612FAF53}.Release|iPhone.ActiveCfg = Release|x86
		{475B630B-74E3-4FD5-8F4C-0656612FAF53}.Release|iPhoneSimulator.ActiveCfg = Release|x86
		{475B630B-74E3-4FD5-8F4C-0656612FAF53}.Release|x64.ActiveCfg = Release|x64
		{475B630B-74E3-4FD5-8F4C-0656612FAF53}.Release|x64.Build.0 = Release|x64
		{475B630B-74E3-4FD5-8F4C-0656612FAF53}.Release|x64.Deploy.0 = Release|x64
		{475B630B-74E3-4FD5-8F4C-0656612FAF53}.Release|x86.ActiveCfg = Release|x86
		{475B630B-74E3-4FD5-8F4C-0656612FAF53}.Release|x86.Build.0 = Release|x86
		{475B630B-74E3-4FD5-8F4C-0656612FAF53}.Release|x86.Deploy.0 = Release|x86
		{7E8795AA-2CAC-46C3-8DFC-5EB0A75A0391}.Ad-Hoc|Any CPU.ActiveCfg = Debug|Any CPU
		{7E8795AA-2CAC-46C3-8DFC-5EB0A75A0391}.Ad-Hoc|Any CPU.Build.0 = Debug|Any CPU
		{7E8795AA-2CAC-46C3-8DFC-5EB0A75A0391}.Ad-Hoc|ARM.ActiveCfg = Debug|Any CPU
		{7E8795AA-2CAC-46C3-8DFC-5EB0A75A0391}.Ad-Hoc|ARM.Build.0 = Debug|Any CPU
		{7E8795AA-2CAC-46C3-8DFC-5EB0A75A0391}.Ad-Hoc|ARM64.ActiveCfg = Debug|Any CPU
		{7E8795AA-2CAC-46C3-8DFC-5EB0A75A0391}.Ad-Hoc|ARM64.Build.0 = Debug|Any CPU
		{7E8795AA-2CAC-46C3-8DFC-5EB0A75A0391}.Ad-Hoc|iPhone.ActiveCfg = Debug|Any CPU
		{7E8795AA-2CAC-46C3-8DFC-5EB0A75A0391}.Ad-Hoc|iPhone.Build.0 = Debug|Any CPU
		{7E8795AA-2CAC-46C3-8DFC-5EB0A75A0391}.Ad-Hoc|iPhoneSimulator.ActiveCfg = Debug|Any CPU
		{7E8795AA-2CAC-46C3-8DFC-5EB0A75A0391}.Ad-Hoc|iPhoneSimulator.Build.0 = Debug|Any CPU
		{7E8795AA-2CAC-46C3-8DFC-5EB0A75A0391}.Ad-Hoc|x64.ActiveCfg = Debug|Any CPU
		{7E8795AA-2CAC-46C3-8DFC-5EB0A75A0391}.Ad-Hoc|x64.Build.0 = Debug|Any CPU
		{7E8795AA-2CAC-46C3-8DFC-5EB0A75A0391}.Ad-Hoc|x86.ActiveCfg = Debug|Any CPU
		{7E8795AA-2CAC-46C3-8DFC-5EB0A75A0391}.Ad-Hoc|x86.Build.0 = Debug|Any CPU
		{7E8795AA-2CAC-46C3-8DFC-5EB0A75A0391}.AppStore|Any CPU.ActiveCfg = Debug|Any CPU
		{7E8795AA-2CAC-46C3-8DFC-5EB0A75A0391}.AppStore|Any CPU.Build.0 = Debug|Any CPU
		{7E8795AA-2CAC-46C3-8DFC-5EB0A75A0391}.AppStore|ARM.ActiveCfg = Debug|Any CPU
		{7E8795AA-2CAC-46C3-8DFC-5EB0A75A0391}.AppStore|ARM.Build.0 = Debug|Any CPU
		{7E8795AA-2CAC-46C3-8DFC-5EB0A75A0391}.AppStore|ARM64.ActiveCfg = Debug|Any CPU
		{7E8795AA-2CAC-46C3-8DFC-5EB0A75A0391}.AppStore|ARM64.Build.0 = Debug|Any CPU
		{7E8795AA-2CAC-46C3-8DFC-5EB0A75A0391}.AppStore|iPhone.ActiveCfg = Debug|Any CPU
		{7E8795AA-2CAC-46C3-8DFC-5EB0A75A0391}.AppStore|iPhone.Build.0 = Debug|Any CPU
		{7E8795AA-2CAC-46C3-8DFC-5EB0A75A0391}.AppStore|iPhoneSimulator.ActiveCfg = Debug|Any CPU
		{7E8795AA-2CAC-46C3-8DFC-5EB0A75A0391}.AppStore|iPhoneSimulator.Build.0 = Debug|Any CPU
		{7E8795AA-2CAC-46C3-8DFC-5EB0A75A0391}.AppStore|x64.ActiveCfg = Debug|Any CPU
		{7E8795AA-2CAC-46C3-8DFC-5EB0A75A0391}.AppStore|x64.Build.0 = Debug|Any CPU
		{7E8795AA-2CAC-46C3-8DFC-5EB0A75A0391}.AppStore|x86.ActiveCfg = Debug|Any CPU
		{7E8795AA-2CAC-46C3-8DFC-5EB0A75A0391}.AppStore|x86.Build.0 = Debug|Any CPU
		{7E8795AA-2CAC-46C3-8DFC-5EB0A75A0391}.Debug|Any CPU.ActiveCfg = Debug|Any CPU
		{7E8795AA-2CAC-46C3-8DFC-5EB0A75A0391}.Debug|Any CPU.Build.0 = Debug|Any CPU
		{7E8795AA-2CAC-46C3-8DFC-5EB0A75A0391}.Debug|ARM.ActiveCfg = Debug|Any CPU
		{7E8795AA-2CAC-46C3-8DFC-5EB0A75A0391}.Debug|ARM.Build.0 = Debug|Any CPU
		{7E8795AA-2CAC-46C3-8DFC-5EB0A75A0391}.Debug|ARM64.ActiveCfg = Debug|Any CPU
		{7E8795AA-2CAC-46C3-8DFC-5EB0A75A0391}.Debug|ARM64.Build.0 = Debug|Any CPU
		{7E8795AA-2CAC-46C3-8DFC-5EB0A75A0391}.Debug|iPhone.ActiveCfg = Debug|Any CPU
		{7E8795AA-2CAC-46C3-8DFC-5EB0A75A0391}.Debug|iPhone.Build.0 = Debug|Any CPU
		{7E8795AA-2CAC-46C3-8DFC-5EB0A75A0391}.Debug|iPhoneSimulator.ActiveCfg = Debug|Any CPU
		{7E8795AA-2CAC-46C3-8DFC-5EB0A75A0391}.Debug|iPhoneSimulator.Build.0 = Debug|Any CPU
		{7E8795AA-2CAC-46C3-8DFC-5EB0A75A0391}.Debug|x64.ActiveCfg = Debug|Any CPU
		{7E8795AA-2CAC-46C3-8DFC-5EB0A75A0391}.Debug|x64.Build.0 = Debug|Any CPU
		{7E8795AA-2CAC-46C3-8DFC-5EB0A75A0391}.Debug|x86.ActiveCfg = Debug|Any CPU
		{7E8795AA-2CAC-46C3-8DFC-5EB0A75A0391}.Debug|x86.Build.0 = Debug|Any CPU
		{7E8795AA-2CAC-46C3-8DFC-5EB0A75A0391}.Release|Any CPU.ActiveCfg = Release|Any CPU
		{7E8795AA-2CAC-46C3-8DFC-5EB0A75A0391}.Release|Any CPU.Build.0 = Release|Any CPU
		{7E8795AA-2CAC-46C3-8DFC-5EB0A75A0391}.Release|ARM.ActiveCfg = Release|Any CPU
		{7E8795AA-2CAC-46C3-8DFC-5EB0A75A0391}.Release|ARM.Build.0 = Release|Any CPU
		{7E8795AA-2CAC-46C3-8DFC-5EB0A75A0391}.Release|ARM64.ActiveCfg = Release|Any CPU
		{7E8795AA-2CAC-46C3-8DFC-5EB0A75A0391}.Release|ARM64.Build.0 = Release|Any CPU
		{7E8795AA-2CAC-46C3-8DFC-5EB0A75A0391}.Release|iPhone.ActiveCfg = Release|Any CPU
		{7E8795AA-2CAC-46C3-8DFC-5EB0A75A0391}.Release|iPhone.Build.0 = Release|Any CPU
		{7E8795AA-2CAC-46C3-8DFC-5EB0A75A0391}.Release|iPhoneSimulator.ActiveCfg = Release|Any CPU
		{7E8795AA-2CAC-46C3-8DFC-5EB0A75A0391}.Release|iPhoneSimulator.Build.0 = Release|Any CPU
		{7E8795AA-2CAC-46C3-8DFC-5EB0A75A0391}.Release|x64.ActiveCfg = Release|Any CPU
		{7E8795AA-2CAC-46C3-8DFC-5EB0A75A0391}.Release|x64.Build.0 = Release|Any CPU
		{7E8795AA-2CAC-46C3-8DFC-5EB0A75A0391}.Release|x86.ActiveCfg = Release|Any CPU
		{7E8795AA-2CAC-46C3-8DFC-5EB0A75A0391}.Release|x86.Build.0 = Release|Any CPU
		{3834A1B0-285A-415A-BD4A-2BF61CF6E8C9}.Ad-Hoc|Any CPU.ActiveCfg = Debug|iPhoneSimulator
		{3834A1B0-285A-415A-BD4A-2BF61CF6E8C9}.Ad-Hoc|Any CPU.Build.0 = Debug|iPhoneSimulator
		{3834A1B0-285A-415A-BD4A-2BF61CF6E8C9}.Ad-Hoc|ARM.ActiveCfg = Debug|iPhoneSimulator
		{3834A1B0-285A-415A-BD4A-2BF61CF6E8C9}.Ad-Hoc|ARM.Build.0 = Debug|iPhoneSimulator
		{3834A1B0-285A-415A-BD4A-2BF61CF6E8C9}.Ad-Hoc|ARM64.ActiveCfg = Debug|iPhoneSimulator
		{3834A1B0-285A-415A-BD4A-2BF61CF6E8C9}.Ad-Hoc|ARM64.Build.0 = Debug|iPhoneSimulator
		{3834A1B0-285A-415A-BD4A-2BF61CF6E8C9}.Ad-Hoc|iPhone.ActiveCfg = Debug|iPhoneSimulator
		{3834A1B0-285A-415A-BD4A-2BF61CF6E8C9}.Ad-Hoc|iPhone.Build.0 = Debug|iPhoneSimulator
		{3834A1B0-285A-415A-BD4A-2BF61CF6E8C9}.Ad-Hoc|iPhoneSimulator.ActiveCfg = Debug|iPhoneSimulator
		{3834A1B0-285A-415A-BD4A-2BF61CF6E8C9}.Ad-Hoc|iPhoneSimulator.Build.0 = Debug|iPhoneSimulator
		{3834A1B0-285A-415A-BD4A-2BF61CF6E8C9}.Ad-Hoc|x64.ActiveCfg = Debug|iPhoneSimulator
		{3834A1B0-285A-415A-BD4A-2BF61CF6E8C9}.Ad-Hoc|x64.Build.0 = Debug|iPhoneSimulator
		{3834A1B0-285A-415A-BD4A-2BF61CF6E8C9}.Ad-Hoc|x86.ActiveCfg = Debug|iPhoneSimulator
		{3834A1B0-285A-415A-BD4A-2BF61CF6E8C9}.Ad-Hoc|x86.Build.0 = Debug|iPhoneSimulator
		{3834A1B0-285A-415A-BD4A-2BF61CF6E8C9}.AppStore|Any CPU.ActiveCfg = Debug|iPhoneSimulator
		{3834A1B0-285A-415A-BD4A-2BF61CF6E8C9}.AppStore|Any CPU.Build.0 = Debug|iPhoneSimulator
		{3834A1B0-285A-415A-BD4A-2BF61CF6E8C9}.AppStore|ARM.ActiveCfg = Debug|iPhoneSimulator
		{3834A1B0-285A-415A-BD4A-2BF61CF6E8C9}.AppStore|ARM.Build.0 = Debug|iPhoneSimulator
		{3834A1B0-285A-415A-BD4A-2BF61CF6E8C9}.AppStore|ARM64.ActiveCfg = Debug|iPhoneSimulator
		{3834A1B0-285A-415A-BD4A-2BF61CF6E8C9}.AppStore|ARM64.Build.0 = Debug|iPhoneSimulator
		{3834A1B0-285A-415A-BD4A-2BF61CF6E8C9}.AppStore|iPhone.ActiveCfg = Debug|iPhoneSimulator
		{3834A1B0-285A-415A-BD4A-2BF61CF6E8C9}.AppStore|iPhone.Build.0 = Debug|iPhoneSimulator
		{3834A1B0-285A-415A-BD4A-2BF61CF6E8C9}.AppStore|iPhoneSimulator.ActiveCfg = Debug|iPhoneSimulator
		{3834A1B0-285A-415A-BD4A-2BF61CF6E8C9}.AppStore|iPhoneSimulator.Build.0 = Debug|iPhoneSimulator
		{3834A1B0-285A-415A-BD4A-2BF61CF6E8C9}.AppStore|x64.ActiveCfg = Debug|iPhoneSimulator
		{3834A1B0-285A-415A-BD4A-2BF61CF6E8C9}.AppStore|x64.Build.0 = Debug|iPhoneSimulator
		{3834A1B0-285A-415A-BD4A-2BF61CF6E8C9}.AppStore|x86.ActiveCfg = Debug|iPhoneSimulator
		{3834A1B0-285A-415A-BD4A-2BF61CF6E8C9}.AppStore|x86.Build.0 = Debug|iPhoneSimulator
		{3834A1B0-285A-415A-BD4A-2BF61CF6E8C9}.Debug|Any CPU.ActiveCfg = Debug|iPhoneSimulator
		{3834A1B0-285A-415A-BD4A-2BF61CF6E8C9}.Debug|ARM.ActiveCfg = Debug|iPhoneSimulator
		{3834A1B0-285A-415A-BD4A-2BF61CF6E8C9}.Debug|ARM64.ActiveCfg = Debug|iPhoneSimulator
		{3834A1B0-285A-415A-BD4A-2BF61CF6E8C9}.Debug|iPhone.ActiveCfg = Debug|iPhoneSimulator
		{3834A1B0-285A-415A-BD4A-2BF61CF6E8C9}.Debug|iPhoneSimulator.ActiveCfg = Debug|iPhoneSimulator
		{3834A1B0-285A-415A-BD4A-2BF61CF6E8C9}.Debug|iPhoneSimulator.Build.0 = Debug|iPhoneSimulator
		{3834A1B0-285A-415A-BD4A-2BF61CF6E8C9}.Debug|x64.ActiveCfg = Debug|iPhoneSimulator
		{3834A1B0-285A-415A-BD4A-2BF61CF6E8C9}.Debug|x86.ActiveCfg = Debug|iPhoneSimulator
		{3834A1B0-285A-415A-BD4A-2BF61CF6E8C9}.Release|Any CPU.ActiveCfg = Release|iPhoneSimulator
		{3834A1B0-285A-415A-BD4A-2BF61CF6E8C9}.Release|ARM.ActiveCfg = Release|iPhoneSimulator
		{3834A1B0-285A-415A-BD4A-2BF61CF6E8C9}.Release|ARM64.ActiveCfg = Release|iPhoneSimulator
		{3834A1B0-285A-415A-BD4A-2BF61CF6E8C9}.Release|iPhone.ActiveCfg = Release|iPhoneSimulator
		{3834A1B0-285A-415A-BD4A-2BF61CF6E8C9}.Release|iPhoneSimulator.ActiveCfg = Release|iPhoneSimulator
		{3834A1B0-285A-415A-BD4A-2BF61CF6E8C9}.Release|iPhoneSimulator.Build.0 = Release|iPhoneSimulator
		{3834A1B0-285A-415A-BD4A-2BF61CF6E8C9}.Release|x64.ActiveCfg = Release|iPhoneSimulator
		{3834A1B0-285A-415A-BD4A-2BF61CF6E8C9}.Release|x86.ActiveCfg = Release|iPhoneSimulator
		{7239DB29-CA20-4A8C-A058-2B5E814B001A}.Ad-Hoc|Any CPU.ActiveCfg = Debug|Any CPU
		{7239DB29-CA20-4A8C-A058-2B5E814B001A}.Ad-Hoc|Any CPU.Build.0 = Debug|Any CPU
		{7239DB29-CA20-4A8C-A058-2B5E814B001A}.Ad-Hoc|ARM.ActiveCfg = Debug|Any CPU
		{7239DB29-CA20-4A8C-A058-2B5E814B001A}.Ad-Hoc|ARM.Build.0 = Debug|Any CPU
		{7239DB29-CA20-4A8C-A058-2B5E814B001A}.Ad-Hoc|ARM64.ActiveCfg = Debug|Any CPU
		{7239DB29-CA20-4A8C-A058-2B5E814B001A}.Ad-Hoc|ARM64.Build.0 = Debug|Any CPU
		{7239DB29-CA20-4A8C-A058-2B5E814B001A}.Ad-Hoc|iPhone.ActiveCfg = Debug|Any CPU
		{7239DB29-CA20-4A8C-A058-2B5E814B001A}.Ad-Hoc|iPhone.Build.0 = Debug|Any CPU
		{7239DB29-CA20-4A8C-A058-2B5E814B001A}.Ad-Hoc|iPhoneSimulator.ActiveCfg = Debug|Any CPU
		{7239DB29-CA20-4A8C-A058-2B5E814B001A}.Ad-Hoc|iPhoneSimulator.Build.0 = Debug|Any CPU
		{7239DB29-CA20-4A8C-A058-2B5E814B001A}.Ad-Hoc|x64.ActiveCfg = Debug|Any CPU
		{7239DB29-CA20-4A8C-A058-2B5E814B001A}.Ad-Hoc|x64.Build.0 = Debug|Any CPU
		{7239DB29-CA20-4A8C-A058-2B5E814B001A}.Ad-Hoc|x86.ActiveCfg = Debug|Any CPU
		{7239DB29-CA20-4A8C-A058-2B5E814B001A}.Ad-Hoc|x86.Build.0 = Debug|Any CPU
		{7239DB29-CA20-4A8C-A058-2B5E814B001A}.AppStore|Any CPU.ActiveCfg = Debug|Any CPU
		{7239DB29-CA20-4A8C-A058-2B5E814B001A}.AppStore|Any CPU.Build.0 = Debug|Any CPU
		{7239DB29-CA20-4A8C-A058-2B5E814B001A}.AppStore|ARM.ActiveCfg = Debug|Any CPU
		{7239DB29-CA20-4A8C-A058-2B5E814B001A}.AppStore|ARM.Build.0 = Debug|Any CPU
		{7239DB29-CA20-4A8C-A058-2B5E814B001A}.AppStore|ARM64.ActiveCfg = Debug|Any CPU
		{7239DB29-CA20-4A8C-A058-2B5E814B001A}.AppStore|ARM64.Build.0 = Debug|Any CPU
		{7239DB29-CA20-4A8C-A058-2B5E814B001A}.AppStore|iPhone.ActiveCfg = Debug|Any CPU
		{7239DB29-CA20-4A8C-A058-2B5E814B001A}.AppStore|iPhone.Build.0 = Debug|Any CPU
		{7239DB29-CA20-4A8C-A058-2B5E814B001A}.AppStore|iPhoneSimulator.ActiveCfg = Debug|Any CPU
		{7239DB29-CA20-4A8C-A058-2B5E814B001A}.AppStore|iPhoneSimulator.Build.0 = Debug|Any CPU
		{7239DB29-CA20-4A8C-A058-2B5E814B001A}.AppStore|x64.ActiveCfg = Debug|Any CPU
		{7239DB29-CA20-4A8C-A058-2B5E814B001A}.AppStore|x64.Build.0 = Debug|Any CPU
		{7239DB29-CA20-4A8C-A058-2B5E814B001A}.AppStore|x86.ActiveCfg = Debug|Any CPU
		{7239DB29-CA20-4A8C-A058-2B5E814B001A}.AppStore|x86.Build.0 = Debug|Any CPU
		{7239DB29-CA20-4A8C-A058-2B5E814B001A}.Debug|Any CPU.ActiveCfg = Debug|Any CPU
		{7239DB29-CA20-4A8C-A058-2B5E814B001A}.Debug|Any CPU.Build.0 = Debug|Any CPU
		{7239DB29-CA20-4A8C-A058-2B5E814B001A}.Debug|ARM.ActiveCfg = Debug|Any CPU
		{7239DB29-CA20-4A8C-A058-2B5E814B001A}.Debug|ARM.Build.0 = Debug|Any CPU
		{7239DB29-CA20-4A8C-A058-2B5E814B001A}.Debug|ARM64.ActiveCfg = Debug|Any CPU
		{7239DB29-CA20-4A8C-A058-2B5E814B001A}.Debug|ARM64.Build.0 = Debug|Any CPU
		{7239DB29-CA20-4A8C-A058-2B5E814B001A}.Debug|iPhone.ActiveCfg = Debug|Any CPU
		{7239DB29-CA20-4A8C-A058-2B5E814B001A}.Debug|iPhone.Build.0 = Debug|Any CPU
		{7239DB29-CA20-4A8C-A058-2B5E814B001A}.Debug|iPhoneSimulator.ActiveCfg = Debug|Any CPU
		{7239DB29-CA20-4A8C-A058-2B5E814B001A}.Debug|iPhoneSimulator.Build.0 = Debug|Any CPU
		{7239DB29-CA20-4A8C-A058-2B5E814B001A}.Debug|x64.ActiveCfg = Debug|Any CPU
		{7239DB29-CA20-4A8C-A058-2B5E814B001A}.Debug|x64.Build.0 = Debug|Any CPU
		{7239DB29-CA20-4A8C-A058-2B5E814B001A}.Debug|x86.ActiveCfg = Debug|Any CPU
		{7239DB29-CA20-4A8C-A058-2B5E814B001A}.Debug|x86.Build.0 = Debug|Any CPU
		{7239DB29-CA20-4A8C-A058-2B5E814B001A}.Release|Any CPU.ActiveCfg = Release|Any CPU
		{7239DB29-CA20-4A8C-A058-2B5E814B001A}.Release|Any CPU.Build.0 = Release|Any CPU
		{7239DB29-CA20-4A8C-A058-2B5E814B001A}.Release|ARM.ActiveCfg = Release|Any CPU
		{7239DB29-CA20-4A8C-A058-2B5E814B001A}.Release|ARM.Build.0 = Release|Any CPU
		{7239DB29-CA20-4A8C-A058-2B5E814B001A}.Release|ARM64.ActiveCfg = Release|Any CPU
		{7239DB29-CA20-4A8C-A058-2B5E814B001A}.Release|ARM64.Build.0 = Release|Any CPU
		{7239DB29-CA20-4A8C-A058-2B5E814B001A}.Release|iPhone.ActiveCfg = Release|Any CPU
		{7239DB29-CA20-4A8C-A058-2B5E814B001A}.Release|iPhone.Build.0 = Release|Any CPU
		{7239DB29-CA20-4A8C-A058-2B5E814B001A}.Release|iPhoneSimulator.ActiveCfg = Release|Any CPU
		{7239DB29-CA20-4A8C-A058-2B5E814B001A}.Release|iPhoneSimulator.Build.0 = Release|Any CPU
		{7239DB29-CA20-4A8C-A058-2B5E814B001A}.Release|x64.ActiveCfg = Release|Any CPU
		{7239DB29-CA20-4A8C-A058-2B5E814B001A}.Release|x64.Build.0 = Release|Any CPU
		{7239DB29-CA20-4A8C-A058-2B5E814B001A}.Release|x86.ActiveCfg = Release|Any CPU
		{7239DB29-CA20-4A8C-A058-2B5E814B001A}.Release|x86.Build.0 = Release|Any CPU
		{04D7A00C-9D81-428F-95B1-795DC8D90615}.Ad-Hoc|Any CPU.ActiveCfg = Debug|Any CPU
		{04D7A00C-9D81-428F-95B1-795DC8D90615}.Ad-Hoc|Any CPU.Build.0 = Debug|Any CPU
		{04D7A00C-9D81-428F-95B1-795DC8D90615}.Ad-Hoc|ARM.ActiveCfg = Debug|Any CPU
		{04D7A00C-9D81-428F-95B1-795DC8D90615}.Ad-Hoc|ARM.Build.0 = Debug|Any CPU
		{04D7A00C-9D81-428F-95B1-795DC8D90615}.Ad-Hoc|ARM64.ActiveCfg = Debug|Any CPU
		{04D7A00C-9D81-428F-95B1-795DC8D90615}.Ad-Hoc|ARM64.Build.0 = Debug|Any CPU
		{04D7A00C-9D81-428F-95B1-795DC8D90615}.Ad-Hoc|iPhone.ActiveCfg = Debug|Any CPU
		{04D7A00C-9D81-428F-95B1-795DC8D90615}.Ad-Hoc|iPhone.Build.0 = Debug|Any CPU
		{04D7A00C-9D81-428F-95B1-795DC8D90615}.Ad-Hoc|iPhoneSimulator.ActiveCfg = Debug|Any CPU
		{04D7A00C-9D81-428F-95B1-795DC8D90615}.Ad-Hoc|iPhoneSimulator.Build.0 = Debug|Any CPU
		{04D7A00C-9D81-428F-95B1-795DC8D90615}.Ad-Hoc|x64.ActiveCfg = Debug|Any CPU
		{04D7A00C-9D81-428F-95B1-795DC8D90615}.Ad-Hoc|x64.Build.0 = Debug|Any CPU
		{04D7A00C-9D81-428F-95B1-795DC8D90615}.Ad-Hoc|x86.ActiveCfg = Debug|Any CPU
		{04D7A00C-9D81-428F-95B1-795DC8D90615}.Ad-Hoc|x86.Build.0 = Debug|Any CPU
		{04D7A00C-9D81-428F-95B1-795DC8D90615}.AppStore|Any CPU.ActiveCfg = Debug|Any CPU
		{04D7A00C-9D81-428F-95B1-795DC8D90615}.AppStore|Any CPU.Build.0 = Debug|Any CPU
		{04D7A00C-9D81-428F-95B1-795DC8D90615}.AppStore|ARM.ActiveCfg = Debug|Any CPU
		{04D7A00C-9D81-428F-95B1-795DC8D90615}.AppStore|ARM.Build.0 = Debug|Any CPU
		{04D7A00C-9D81-428F-95B1-795DC8D90615}.AppStore|ARM64.ActiveCfg = Debug|Any CPU
		{04D7A00C-9D81-428F-95B1-795DC8D90615}.AppStore|ARM64.Build.0 = Debug|Any CPU
		{04D7A00C-9D81-428F-95B1-795DC8D90615}.AppStore|iPhone.ActiveCfg = Debug|Any CPU
		{04D7A00C-9D81-428F-95B1-795DC8D90615}.AppStore|iPhone.Build.0 = Debug|Any CPU
		{04D7A00C-9D81-428F-95B1-795DC8D90615}.AppStore|iPhoneSimulator.ActiveCfg = Debug|Any CPU
		{04D7A00C-9D81-428F-95B1-795DC8D90615}.AppStore|iPhoneSimulator.Build.0 = Debug|Any CPU
		{04D7A00C-9D81-428F-95B1-795DC8D90615}.AppStore|x64.ActiveCfg = Debug|Any CPU
		{04D7A00C-9D81-428F-95B1-795DC8D90615}.AppStore|x64.Build.0 = Debug|Any CPU
		{04D7A00C-9D81-428F-95B1-795DC8D90615}.AppStore|x86.ActiveCfg = Debug|Any CPU
		{04D7A00C-9D81-428F-95B1-795DC8D90615}.AppStore|x86.Build.0 = Debug|Any CPU
		{04D7A00C-9D81-428F-95B1-795DC8D90615}.Debug|Any CPU.ActiveCfg = Debug|Any CPU
		{04D7A00C-9D81-428F-95B1-795DC8D90615}.Debug|Any CPU.Build.0 = Debug|Any CPU
		{04D7A00C-9D81-428F-95B1-795DC8D90615}.Debug|ARM.ActiveCfg = Debug|Any CPU
		{04D7A00C-9D81-428F-95B1-795DC8D90615}.Debug|ARM.Build.0 = Debug|Any CPU
		{04D7A00C-9D81-428F-95B1-795DC8D90615}.Debug|ARM64.ActiveCfg = Debug|Any CPU
		{04D7A00C-9D81-428F-95B1-795DC8D90615}.Debug|ARM64.Build.0 = Debug|Any CPU
		{04D7A00C-9D81-428F-95B1-795DC8D90615}.Debug|iPhone.ActiveCfg = Debug|Any CPU
		{04D7A00C-9D81-428F-95B1-795DC8D90615}.Debug|iPhone.Build.0 = Debug|Any CPU
		{04D7A00C-9D81-428F-95B1-795DC8D90615}.Debug|iPhoneSimulator.ActiveCfg = Debug|Any CPU
		{04D7A00C-9D81-428F-95B1-795DC8D90615}.Debug|iPhoneSimulator.Build.0 = Debug|Any CPU
		{04D7A00C-9D81-428F-95B1-795DC8D90615}.Debug|x64.ActiveCfg = Debug|Any CPU
		{04D7A00C-9D81-428F-95B1-795DC8D90615}.Debug|x64.Build.0 = Debug|Any CPU
		{04D7A00C-9D81-428F-95B1-795DC8D90615}.Debug|x86.ActiveCfg = Debug|Any CPU
		{04D7A00C-9D81-428F-95B1-795DC8D90615}.Debug|x86.Build.0 = Debug|Any CPU
		{04D7A00C-9D81-428F-95B1-795DC8D90615}.Release|Any CPU.ActiveCfg = Release|Any CPU
		{04D7A00C-9D81-428F-95B1-795DC8D90615}.Release|Any CPU.Build.0 = Release|Any CPU
		{04D7A00C-9D81-428F-95B1-795DC8D90615}.Release|ARM.ActiveCfg = Release|Any CPU
		{04D7A00C-9D81-428F-95B1-795DC8D90615}.Release|ARM.Build.0 = Release|Any CPU
		{04D7A00C-9D81-428F-95B1-795DC8D90615}.Release|ARM64.ActiveCfg = Release|Any CPU
		{04D7A00C-9D81-428F-95B1-795DC8D90615}.Release|ARM64.Build.0 = Release|Any CPU
		{04D7A00C-9D81-428F-95B1-795DC8D90615}.Release|iPhone.ActiveCfg = Release|Any CPU
		{04D7A00C-9D81-428F-95B1-795DC8D90615}.Release|iPhone.Build.0 = Release|Any CPU
		{04D7A00C-9D81-428F-95B1-795DC8D90615}.Release|iPhoneSimulator.ActiveCfg = Release|Any CPU
		{04D7A00C-9D81-428F-95B1-795DC8D90615}.Release|iPhoneSimulator.Build.0 = Release|Any CPU
		{04D7A00C-9D81-428F-95B1-795DC8D90615}.Release|x64.ActiveCfg = Release|Any CPU
		{04D7A00C-9D81-428F-95B1-795DC8D90615}.Release|x64.Build.0 = Release|Any CPU
		{04D7A00C-9D81-428F-95B1-795DC8D90615}.Release|x86.ActiveCfg = Release|Any CPU
		{04D7A00C-9D81-428F-95B1-795DC8D90615}.Release|x86.Build.0 = Release|Any CPU
		{8E9CBDB3-FB65-4693-A1C1-311D219A3B66}.Ad-Hoc|Any CPU.ActiveCfg = Debug|Any CPU
		{8E9CBDB3-FB65-4693-A1C1-311D219A3B66}.Ad-Hoc|Any CPU.Build.0 = Debug|Any CPU
		{8E9CBDB3-FB65-4693-A1C1-311D219A3B66}.Ad-Hoc|ARM.ActiveCfg = Debug|Any CPU
		{8E9CBDB3-FB65-4693-A1C1-311D219A3B66}.Ad-Hoc|ARM.Build.0 = Debug|Any CPU
		{8E9CBDB3-FB65-4693-A1C1-311D219A3B66}.Ad-Hoc|ARM64.ActiveCfg = Debug|Any CPU
		{8E9CBDB3-FB65-4693-A1C1-311D219A3B66}.Ad-Hoc|ARM64.Build.0 = Debug|Any CPU
		{8E9CBDB3-FB65-4693-A1C1-311D219A3B66}.Ad-Hoc|iPhone.ActiveCfg = Debug|Any CPU
		{8E9CBDB3-FB65-4693-A1C1-311D219A3B66}.Ad-Hoc|iPhone.Build.0 = Debug|Any CPU
		{8E9CBDB3-FB65-4693-A1C1-311D219A3B66}.Ad-Hoc|iPhoneSimulator.ActiveCfg = Debug|Any CPU
		{8E9CBDB3-FB65-4693-A1C1-311D219A3B66}.Ad-Hoc|iPhoneSimulator.Build.0 = Debug|Any CPU
		{8E9CBDB3-FB65-4693-A1C1-311D219A3B66}.Ad-Hoc|x64.ActiveCfg = Debug|Any CPU
		{8E9CBDB3-FB65-4693-A1C1-311D219A3B66}.Ad-Hoc|x64.Build.0 = Debug|Any CPU
		{8E9CBDB3-FB65-4693-A1C1-311D219A3B66}.Ad-Hoc|x86.ActiveCfg = Debug|Any CPU
		{8E9CBDB3-FB65-4693-A1C1-311D219A3B66}.Ad-Hoc|x86.Build.0 = Debug|Any CPU
		{8E9CBDB3-FB65-4693-A1C1-311D219A3B66}.AppStore|Any CPU.ActiveCfg = Debug|Any CPU
		{8E9CBDB3-FB65-4693-A1C1-311D219A3B66}.AppStore|Any CPU.Build.0 = Debug|Any CPU
		{8E9CBDB3-FB65-4693-A1C1-311D219A3B66}.AppStore|ARM.ActiveCfg = Debug|Any CPU
		{8E9CBDB3-FB65-4693-A1C1-311D219A3B66}.AppStore|ARM.Build.0 = Debug|Any CPU
		{8E9CBDB3-FB65-4693-A1C1-311D219A3B66}.AppStore|ARM64.ActiveCfg = Debug|Any CPU
		{8E9CBDB3-FB65-4693-A1C1-311D219A3B66}.AppStore|ARM64.Build.0 = Debug|Any CPU
		{8E9CBDB3-FB65-4693-A1C1-311D219A3B66}.AppStore|iPhone.ActiveCfg = Debug|Any CPU
		{8E9CBDB3-FB65-4693-A1C1-311D219A3B66}.AppStore|iPhone.Build.0 = Debug|Any CPU
		{8E9CBDB3-FB65-4693-A1C1-311D219A3B66}.AppStore|iPhoneSimulator.ActiveCfg = Debug|Any CPU
		{8E9CBDB3-FB65-4693-A1C1-311D219A3B66}.AppStore|iPhoneSimulator.Build.0 = Debug|Any CPU
		{8E9CBDB3-FB65-4693-A1C1-311D219A3B66}.AppStore|x64.ActiveCfg = Debug|Any CPU
		{8E9CBDB3-FB65-4693-A1C1-311D219A3B66}.AppStore|x64.Build.0 = Debug|Any CPU
		{8E9CBDB3-FB65-4693-A1C1-311D219A3B66}.AppStore|x86.ActiveCfg = Debug|Any CPU
		{8E9CBDB3-FB65-4693-A1C1-311D219A3B66}.AppStore|x86.Build.0 = Debug|Any CPU
		{8E9CBDB3-FB65-4693-A1C1-311D219A3B66}.Debug|Any CPU.ActiveCfg = Debug|Any CPU
		{8E9CBDB3-FB65-4693-A1C1-311D219A3B66}.Debug|Any CPU.Build.0 = Debug|Any CPU
		{8E9CBDB3-FB65-4693-A1C1-311D219A3B66}.Debug|ARM.ActiveCfg = Debug|Any CPU
		{8E9CBDB3-FB65-4693-A1C1-311D219A3B66}.Debug|ARM.Build.0 = Debug|Any CPU
		{8E9CBDB3-FB65-4693-A1C1-311D219A3B66}.Debug|ARM64.ActiveCfg = Debug|Any CPU
		{8E9CBDB3-FB65-4693-A1C1-311D219A3B66}.Debug|ARM64.Build.0 = Debug|Any CPU
		{8E9CBDB3-FB65-4693-A1C1-311D219A3B66}.Debug|iPhone.ActiveCfg = Debug|Any CPU
		{8E9CBDB3-FB65-4693-A1C1-311D219A3B66}.Debug|iPhone.Build.0 = Debug|Any CPU
		{8E9CBDB3-FB65-4693-A1C1-311D219A3B66}.Debug|iPhoneSimulator.ActiveCfg = Debug|Any CPU
		{8E9CBDB3-FB65-4693-A1C1-311D219A3B66}.Debug|iPhoneSimulator.Build.0 = Debug|Any CPU
		{8E9CBDB3-FB65-4693-A1C1-311D219A3B66}.Debug|x64.ActiveCfg = Debug|Any CPU
		{8E9CBDB3-FB65-4693-A1C1-311D219A3B66}.Debug|x64.Build.0 = Debug|Any CPU
		{8E9CBDB3-FB65-4693-A1C1-311D219A3B66}.Debug|x86.ActiveCfg = Debug|Any CPU
		{8E9CBDB3-FB65-4693-A1C1-311D219A3B66}.Debug|x86.Build.0 = Debug|Any CPU
		{8E9CBDB3-FB65-4693-A1C1-311D219A3B66}.Release|Any CPU.ActiveCfg = Release|Any CPU
		{8E9CBDB3-FB65-4693-A1C1-311D219A3B66}.Release|Any CPU.Build.0 = Release|Any CPU
		{8E9CBDB3-FB65-4693-A1C1-311D219A3B66}.Release|ARM.ActiveCfg = Release|Any CPU
		{8E9CBDB3-FB65-4693-A1C1-311D219A3B66}.Release|ARM.Build.0 = Release|Any CPU
		{8E9CBDB3-FB65-4693-A1C1-311D219A3B66}.Release|ARM64.ActiveCfg = Release|Any CPU
		{8E9CBDB3-FB65-4693-A1C1-311D219A3B66}.Release|ARM64.Build.0 = Release|Any CPU
		{8E9CBDB3-FB65-4693-A1C1-311D219A3B66}.Release|iPhone.ActiveCfg = Release|Any CPU
		{8E9CBDB3-FB65-4693-A1C1-311D219A3B66}.Release|iPhone.Build.0 = Release|Any CPU
		{8E9CBDB3-FB65-4693-A1C1-311D219A3B66}.Release|iPhoneSimulator.ActiveCfg = Release|Any CPU
		{8E9CBDB3-FB65-4693-A1C1-311D219A3B66}.Release|iPhoneSimulator.Build.0 = Release|Any CPU
		{8E9CBDB3-FB65-4693-A1C1-311D219A3B66}.Release|x64.ActiveCfg = Release|Any CPU
		{8E9CBDB3-FB65-4693-A1C1-311D219A3B66}.Release|x64.Build.0 = Release|Any CPU
		{8E9CBDB3-FB65-4693-A1C1-311D219A3B66}.Release|x86.ActiveCfg = Release|Any CPU
		{8E9CBDB3-FB65-4693-A1C1-311D219A3B66}.Release|x86.Build.0 = Release|Any CPU
		{81DA164B-DB74-4799-A0F0-0FD767689EC7}.Ad-Hoc|Any CPU.ActiveCfg = Debug|Any CPU
		{81DA164B-DB74-4799-A0F0-0FD767689EC7}.Ad-Hoc|Any CPU.Build.0 = Debug|Any CPU
		{81DA164B-DB74-4799-A0F0-0FD767689EC7}.Ad-Hoc|ARM.ActiveCfg = Debug|Any CPU
		{81DA164B-DB74-4799-A0F0-0FD767689EC7}.Ad-Hoc|ARM.Build.0 = Debug|Any CPU
		{81DA164B-DB74-4799-A0F0-0FD767689EC7}.Ad-Hoc|ARM64.ActiveCfg = Debug|Any CPU
		{81DA164B-DB74-4799-A0F0-0FD767689EC7}.Ad-Hoc|ARM64.Build.0 = Debug|Any CPU
		{81DA164B-DB74-4799-A0F0-0FD767689EC7}.Ad-Hoc|iPhone.ActiveCfg = Debug|Any CPU
		{81DA164B-DB74-4799-A0F0-0FD767689EC7}.Ad-Hoc|iPhone.Build.0 = Debug|Any CPU
		{81DA164B-DB74-4799-A0F0-0FD767689EC7}.Ad-Hoc|iPhoneSimulator.ActiveCfg = Debug|Any CPU
		{81DA164B-DB74-4799-A0F0-0FD767689EC7}.Ad-Hoc|iPhoneSimulator.Build.0 = Debug|Any CPU
		{81DA164B-DB74-4799-A0F0-0FD767689EC7}.Ad-Hoc|x64.ActiveCfg = Debug|Any CPU
		{81DA164B-DB74-4799-A0F0-0FD767689EC7}.Ad-Hoc|x64.Build.0 = Debug|Any CPU
		{81DA164B-DB74-4799-A0F0-0FD767689EC7}.Ad-Hoc|x86.ActiveCfg = Debug|Any CPU
		{81DA164B-DB74-4799-A0F0-0FD767689EC7}.Ad-Hoc|x86.Build.0 = Debug|Any CPU
		{81DA164B-DB74-4799-A0F0-0FD767689EC7}.AppStore|Any CPU.ActiveCfg = Debug|Any CPU
		{81DA164B-DB74-4799-A0F0-0FD767689EC7}.AppStore|Any CPU.Build.0 = Debug|Any CPU
		{81DA164B-DB74-4799-A0F0-0FD767689EC7}.AppStore|ARM.ActiveCfg = Debug|Any CPU
		{81DA164B-DB74-4799-A0F0-0FD767689EC7}.AppStore|ARM.Build.0 = Debug|Any CPU
		{81DA164B-DB74-4799-A0F0-0FD767689EC7}.AppStore|ARM64.ActiveCfg = Debug|Any CPU
		{81DA164B-DB74-4799-A0F0-0FD767689EC7}.AppStore|ARM64.Build.0 = Debug|Any CPU
		{81DA164B-DB74-4799-A0F0-0FD767689EC7}.AppStore|iPhone.ActiveCfg = Debug|Any CPU
		{81DA164B-DB74-4799-A0F0-0FD767689EC7}.AppStore|iPhone.Build.0 = Debug|Any CPU
		{81DA164B-DB74-4799-A0F0-0FD767689EC7}.AppStore|iPhoneSimulator.ActiveCfg = Debug|Any CPU
		{81DA164B-DB74-4799-A0F0-0FD767689EC7}.AppStore|iPhoneSimulator.Build.0 = Debug|Any CPU
		{81DA164B-DB74-4799-A0F0-0FD767689EC7}.AppStore|x64.ActiveCfg = Debug|Any CPU
		{81DA164B-DB74-4799-A0F0-0FD767689EC7}.AppStore|x64.Build.0 = Debug|Any CPU
		{81DA164B-DB74-4799-A0F0-0FD767689EC7}.AppStore|x86.ActiveCfg = Debug|Any CPU
		{81DA164B-DB74-4799-A0F0-0FD767689EC7}.AppStore|x86.Build.0 = Debug|Any CPU
		{81DA164B-DB74-4799-A0F0-0FD767689EC7}.Debug|Any CPU.ActiveCfg = Debug|Any CPU
		{81DA164B-DB74-4799-A0F0-0FD767689EC7}.Debug|Any CPU.Build.0 = Debug|Any CPU
		{81DA164B-DB74-4799-A0F0-0FD767689EC7}.Debug|ARM.ActiveCfg = Debug|Any CPU
		{81DA164B-DB74-4799-A0F0-0FD767689EC7}.Debug|ARM.Build.0 = Debug|Any CPU
		{81DA164B-DB74-4799-A0F0-0FD767689EC7}.Debug|ARM64.ActiveCfg = Debug|Any CPU
		{81DA164B-DB74-4799-A0F0-0FD767689EC7}.Debug|ARM64.Build.0 = Debug|Any CPU
		{81DA164B-DB74-4799-A0F0-0FD767689EC7}.Debug|iPhone.ActiveCfg = Debug|Any CPU
		{81DA164B-DB74-4799-A0F0-0FD767689EC7}.Debug|iPhone.Build.0 = Debug|Any CPU
		{81DA164B-DB74-4799-A0F0-0FD767689EC7}.Debug|iPhoneSimulator.ActiveCfg = Debug|Any CPU
		{81DA164B-DB74-4799-A0F0-0FD767689EC7}.Debug|iPhoneSimulator.Build.0 = Debug|Any CPU
		{81DA164B-DB74-4799-A0F0-0FD767689EC7}.Debug|x64.ActiveCfg = Debug|Any CPU
		{81DA164B-DB74-4799-A0F0-0FD767689EC7}.Debug|x64.Build.0 = Debug|Any CPU
		{81DA164B-DB74-4799-A0F0-0FD767689EC7}.Debug|x86.ActiveCfg = Debug|Any CPU
		{81DA164B-DB74-4799-A0F0-0FD767689EC7}.Debug|x86.Build.0 = Debug|Any CPU
		{81DA164B-DB74-4799-A0F0-0FD767689EC7}.Release|Any CPU.ActiveCfg = Release|Any CPU
		{81DA164B-DB74-4799-A0F0-0FD767689EC7}.Release|Any CPU.Build.0 = Release|Any CPU
		{81DA164B-DB74-4799-A0F0-0FD767689EC7}.Release|ARM.ActiveCfg = Release|Any CPU
		{81DA164B-DB74-4799-A0F0-0FD767689EC7}.Release|ARM.Build.0 = Release|Any CPU
		{81DA164B-DB74-4799-A0F0-0FD767689EC7}.Release|ARM64.ActiveCfg = Release|Any CPU
		{81DA164B-DB74-4799-A0F0-0FD767689EC7}.Release|ARM64.Build.0 = Release|Any CPU
		{81DA164B-DB74-4799-A0F0-0FD767689EC7}.Release|iPhone.ActiveCfg = Release|Any CPU
		{81DA164B-DB74-4799-A0F0-0FD767689EC7}.Release|iPhone.Build.0 = Release|Any CPU
		{81DA164B-DB74-4799-A0F0-0FD767689EC7}.Release|iPhoneSimulator.ActiveCfg = Release|Any CPU
		{81DA164B-DB74-4799-A0F0-0FD767689EC7}.Release|iPhoneSimulator.Build.0 = Release|Any CPU
		{81DA164B-DB74-4799-A0F0-0FD767689EC7}.Release|x64.ActiveCfg = Release|Any CPU
		{81DA164B-DB74-4799-A0F0-0FD767689EC7}.Release|x64.Build.0 = Release|Any CPU
		{81DA164B-DB74-4799-A0F0-0FD767689EC7}.Release|x86.ActiveCfg = Release|Any CPU
		{81DA164B-DB74-4799-A0F0-0FD767689EC7}.Release|x86.Build.0 = Release|Any CPU
	EndGlobalSection
	GlobalSection(SolutionProperties) = preSolution
		HideSolutionNode = FALSE
	EndGlobalSection
	GlobalSection(NestedProjects) = preSolution
		{942AC12F-2808-4DCC-AA4D-392F804DA57A} = {5793CD93-7111-4201-BC2C-EE527A10F1DB}
		{72948B3D-BA1D-4D74-A418-243B7A2F20E4} = {5793CD93-7111-4201-BC2C-EE527A10F1DB}
		{475B630B-74E3-4FD5-8F4C-0656612FAF53} = {5793CD93-7111-4201-BC2C-EE527A10F1DB}
		{7E8795AA-2CAC-46C3-8DFC-5EB0A75A0391} = {5793CD93-7111-4201-BC2C-EE527A10F1DB}
		{3834A1B0-285A-415A-BD4A-2BF61CF6E8C9} = {5793CD93-7111-4201-BC2C-EE527A10F1DB}
		{7239DB29-CA20-4A8C-A058-2B5E814B001A} = {5793CD93-7111-4201-BC2C-EE527A10F1DB}
		{04D7A00C-9D81-428F-95B1-795DC8D90615} = {5793CD93-7111-4201-BC2C-EE527A10F1DB}
		{8E9CBDB3-FB65-4693-A1C1-311D219A3B66} = {5793CD93-7111-4201-BC2C-EE527A10F1DB}
		{81DA164B-DB74-4799-A0F0-0FD767689EC7} = {5793CD93-7111-4201-BC2C-EE527A10F1DB}
	EndGlobalSection
	GlobalSection(ExtensibilityGlobals) = postSolution
		SolutionGuid = {F184B216-4FFB-46C3-A663-B4CC5E8E6B33}
	EndGlobalSection
EndGlobal
