
Microsoft Visual Studio Solution File, Format Version 12.00
# Visual Studio Version 16
VisualStudioVersion = 16.0.30523.141
MinimumVisualStudioVersion = 10.0.40219.1
Project("{9A19103F-16F7-4668-BE54-9A1E7A4F7556}") = "TankSim", "TankSim\TankSim.csproj", "{33A5865C-8BEC-42AA-92E7-9BE61403EB1F}"
EndProject
Project("{9A19103F-16F7-4668-BE54-9A1E7A4F7556}") = "TankSim.Client", "TankSim.Client\TankSim.Client.csproj", "{491308BE-F297-4881-A479-0408C7467151}"
EndProject
Project("{9A19103F-16F7-4668-BE54-9A1E7A4F7556}") = "TankSim.GameHost", "TankSim.GameHost\TankSim.GameHost.csproj", "{55001F95-FF3E-40E7-8D9C-522B8DAEF436}"
EndProject
Project("{2150E333-8FDC-42A3-9474-1A3956D46DE8}") = "Solution Items", "Solution Items", "{3FCDFFCF-606E-4711-9DCB-D118B4E1A192}"
	ProjectSection(SolutionItems) = preProject
		.editorconfig = .editorconfig
	EndProjectSection
EndProject
Project("{9A19103F-16F7-4668-BE54-9A1E7A4F7556}") = "TankSim.Client.CLI", "TankSim.Client.CLI\TankSim.Client.CLI.csproj", "{8224C4DA-BD51-426B-A391-382D8F036F5B}"
EndProject
Project("{9A19103F-16F7-4668-BE54-9A1E7A4F7556}") = "TankSim.GameHost.CLI", "TankSim.GameHost.CLI\TankSim.GameHost.CLI.csproj", "{BB1A3BFE-488A-4FD8-B48D-07DEF6D0F1DD}"
EndProject
Project("{9A19103F-16F7-4668-BE54-9A1E7A4F7556}") = "TankSim.Client.GUI", "TankSim.Client.GUI\TankSim.Client.GUI.csproj", "{4C2A0313-9758-4B95-AE38-2E7B4B4B1215}"
EndProject
Project("{9A19103F-16F7-4668-BE54-9A1E7A4F7556}") = "J2i.Net.XInputWrapper", "J2i.Net.XInputWrapper\J2i.Net.XInputWrapper.csproj", "{B4D66F55-CC72-42D7-8F1F-A035B736E4C5}"
EndProject
Project("{9A19103F-16F7-4668-BE54-9A1E7A4F7556}") = "TankSim.Client.DependencyInjection", "TankSim.Client.DependencyInjection\TankSim.Client.DependencyInjection.csproj", "{F72A426F-7B7E-458F-A026-8AA5AFF0028E}"
EndProject
Project("{FAE04EC0-301F-11D3-BF4B-00C04F79EFBC}") = "TankSim.Client.Xam", "TankSim.Client.Xam\Xam\TankSim.Client.Xam.csproj", "{C8EAC3F4-5B00-440E-BA8D-2E690B9C44A6}"
EndProject
Project("{FAE04EC0-301F-11D3-BF4B-00C04F79EFBC}") = "TankSim.Client.Xam.Android", "TankSim.Client.Xam\Android\TankSim.Client.Xam.Android.csproj", "{AC22EE09-B002-437D-9125-343CBF6C83E3}"
EndProject
Project("{FAE04EC0-301F-11D3-BF4B-00C04F79EFBC}") = "TankSim.Client.Xam.iOS", "TankSim.Client.Xam\iOS\TankSim.Client.Xam.iOS.csproj", "{F5EB3846-8713-4318-A195-5B417B2AA8FE}"
EndProject
Project("{FAE04EC0-301F-11D3-BF4B-00C04F79EFBC}") = "TankSim.Client.Xam.UWP", "TankSim.Client.Xam\UWP\TankSim.Client.Xam.UWP.csproj", "{9F6436E5-84DC-44B2-908C-7DF655BC48C7}"
EndProject
Global
	GlobalSection(SolutionConfigurationPlatforms) = preSolution
		Ad-Hoc|Any CPU = Ad-Hoc|Any CPU
		Ad-Hoc|ARM = Ad-Hoc|ARM
		Ad-Hoc|iPhone = Ad-Hoc|iPhone
		Ad-Hoc|iPhoneSimulator = Ad-Hoc|iPhoneSimulator
		Ad-Hoc|x64 = Ad-Hoc|x64
		Ad-Hoc|x86 = Ad-Hoc|x86
		AppStore|Any CPU = AppStore|Any CPU
		AppStore|ARM = AppStore|ARM
		AppStore|iPhone = AppStore|iPhone
		AppStore|iPhoneSimulator = AppStore|iPhoneSimulator
		AppStore|x64 = AppStore|x64
		AppStore|x86 = AppStore|x86
		Debug|Any CPU = Debug|Any CPU
		Debug|ARM = Debug|ARM
		Debug|iPhone = Debug|iPhone
		Debug|iPhoneSimulator = Debug|iPhoneSimulator
		Debug|x64 = Debug|x64
		Debug|x86 = Debug|x86
		Release|Any CPU = Release|Any CPU
		Release|ARM = Release|ARM
		Release|iPhone = Release|iPhone
		Release|iPhoneSimulator = Release|iPhoneSimulator
		Release|x64 = Release|x64
		Release|x86 = Release|x86
	EndGlobalSection
	GlobalSection(ProjectConfigurationPlatforms) = postSolution
		{33A5865C-8BEC-42AA-92E7-9BE61403EB1F}.Ad-Hoc|Any CPU.ActiveCfg = Release|Any CPU
		{33A5865C-8BEC-42AA-92E7-9BE61403EB1F}.Ad-Hoc|Any CPU.Build.0 = Release|Any CPU
		{33A5865C-8BEC-42AA-92E7-9BE61403EB1F}.Ad-Hoc|ARM.ActiveCfg = Release|Any CPU
		{33A5865C-8BEC-42AA-92E7-9BE61403EB1F}.Ad-Hoc|ARM.Build.0 = Release|Any CPU
		{33A5865C-8BEC-42AA-92E7-9BE61403EB1F}.Ad-Hoc|iPhone.ActiveCfg = Release|Any CPU
		{33A5865C-8BEC-42AA-92E7-9BE61403EB1F}.Ad-Hoc|iPhone.Build.0 = Release|Any CPU
		{33A5865C-8BEC-42AA-92E7-9BE61403EB1F}.Ad-Hoc|iPhoneSimulator.ActiveCfg = Release|Any CPU
		{33A5865C-8BEC-42AA-92E7-9BE61403EB1F}.Ad-Hoc|iPhoneSimulator.Build.0 = Release|Any CPU
		{33A5865C-8BEC-42AA-92E7-9BE61403EB1F}.Ad-Hoc|x64.ActiveCfg = Release|Any CPU
		{33A5865C-8BEC-42AA-92E7-9BE61403EB1F}.Ad-Hoc|x64.Build.0 = Release|Any CPU
		{33A5865C-8BEC-42AA-92E7-9BE61403EB1F}.Ad-Hoc|x86.ActiveCfg = Release|Any CPU
		{33A5865C-8BEC-42AA-92E7-9BE61403EB1F}.Ad-Hoc|x86.Build.0 = Release|Any CPU
		{33A5865C-8BEC-42AA-92E7-9BE61403EB1F}.AppStore|Any CPU.ActiveCfg = Release|Any CPU
		{33A5865C-8BEC-42AA-92E7-9BE61403EB1F}.AppStore|Any CPU.Build.0 = Release|Any CPU
		{33A5865C-8BEC-42AA-92E7-9BE61403EB1F}.AppStore|ARM.ActiveCfg = Release|Any CPU
		{33A5865C-8BEC-42AA-92E7-9BE61403EB1F}.AppStore|ARM.Build.0 = Release|Any CPU
		{33A5865C-8BEC-42AA-92E7-9BE61403EB1F}.AppStore|iPhone.ActiveCfg = Release|Any CPU
		{33A5865C-8BEC-42AA-92E7-9BE61403EB1F}.AppStore|iPhone.Build.0 = Release|Any CPU
		{33A5865C-8BEC-42AA-92E7-9BE61403EB1F}.AppStore|iPhoneSimulator.ActiveCfg = Release|Any CPU
		{33A5865C-8BEC-42AA-92E7-9BE61403EB1F}.AppStore|iPhoneSimulator.Build.0 = Release|Any CPU
		{33A5865C-8BEC-42AA-92E7-9BE61403EB1F}.AppStore|x64.ActiveCfg = Release|Any CPU
		{33A5865C-8BEC-42AA-92E7-9BE61403EB1F}.AppStore|x64.Build.0 = Release|Any CPU
		{33A5865C-8BEC-42AA-92E7-9BE61403EB1F}.AppStore|x86.ActiveCfg = Release|Any CPU
		{33A5865C-8BEC-42AA-92E7-9BE61403EB1F}.AppStore|x86.Build.0 = Release|Any CPU
		{33A5865C-8BEC-42AA-92E7-9BE61403EB1F}.Debug|Any CPU.ActiveCfg = Debug|Any CPU
		{33A5865C-8BEC-42AA-92E7-9BE61403EB1F}.Debug|Any CPU.Build.0 = Debug|Any CPU
		{33A5865C-8BEC-42AA-92E7-9BE61403EB1F}.Debug|ARM.ActiveCfg = Debug|Any CPU
		{33A5865C-8BEC-42AA-92E7-9BE61403EB1F}.Debug|ARM.Build.0 = Debug|Any CPU
		{33A5865C-8BEC-42AA-92E7-9BE61403EB1F}.Debug|iPhone.ActiveCfg = Debug|Any CPU
		{33A5865C-8BEC-42AA-92E7-9BE61403EB1F}.Debug|iPhone.Build.0 = Debug|Any CPU
		{33A5865C-8BEC-42AA-92E7-9BE61403EB1F}.Debug|iPhoneSimulator.ActiveCfg = Debug|Any CPU
		{33A5865C-8BEC-42AA-92E7-9BE61403EB1F}.Debug|iPhoneSimulator.Build.0 = Debug|Any CPU
		{33A5865C-8BEC-42AA-92E7-9BE61403EB1F}.Debug|x64.ActiveCfg = Debug|Any CPU
		{33A5865C-8BEC-42AA-92E7-9BE61403EB1F}.Debug|x64.Build.0 = Debug|Any CPU
		{33A5865C-8BEC-42AA-92E7-9BE61403EB1F}.Debug|x86.ActiveCfg = Debug|Any CPU
		{33A5865C-8BEC-42AA-92E7-9BE61403EB1F}.Debug|x86.Build.0 = Debug|Any CPU
		{33A5865C-8BEC-42AA-92E7-9BE61403EB1F}.Release|Any CPU.ActiveCfg = Release|Any CPU
		{33A5865C-8BEC-42AA-92E7-9BE61403EB1F}.Release|Any CPU.Build.0 = Release|Any CPU
		{33A5865C-8BEC-42AA-92E7-9BE61403EB1F}.Release|ARM.ActiveCfg = Release|Any CPU
		{33A5865C-8BEC-42AA-92E7-9BE61403EB1F}.Release|ARM.Build.0 = Release|Any CPU
		{33A5865C-8BEC-42AA-92E7-9BE61403EB1F}.Release|iPhone.ActiveCfg = Release|Any CPU
		{33A5865C-8BEC-42AA-92E7-9BE61403EB1F}.Release|iPhone.Build.0 = Release|Any CPU
		{33A5865C-8BEC-42AA-92E7-9BE61403EB1F}.Release|iPhoneSimulator.ActiveCfg = Release|Any CPU
		{33A5865C-8BEC-42AA-92E7-9BE61403EB1F}.Release|iPhoneSimulator.Build.0 = Release|Any CPU
		{33A5865C-8BEC-42AA-92E7-9BE61403EB1F}.Release|x64.ActiveCfg = Release|Any CPU
		{33A5865C-8BEC-42AA-92E7-9BE61403EB1F}.Release|x64.Build.0 = Release|Any CPU
		{33A5865C-8BEC-42AA-92E7-9BE61403EB1F}.Release|x86.ActiveCfg = Release|Any CPU
		{33A5865C-8BEC-42AA-92E7-9BE61403EB1F}.Release|x86.Build.0 = Release|Any CPU
		{491308BE-F297-4881-A479-0408C7467151}.Ad-Hoc|Any CPU.ActiveCfg = Release|Any CPU
		{491308BE-F297-4881-A479-0408C7467151}.Ad-Hoc|Any CPU.Build.0 = Release|Any CPU
		{491308BE-F297-4881-A479-0408C7467151}.Ad-Hoc|ARM.ActiveCfg = Release|Any CPU
		{491308BE-F297-4881-A479-0408C7467151}.Ad-Hoc|ARM.Build.0 = Release|Any CPU
		{491308BE-F297-4881-A479-0408C7467151}.Ad-Hoc|iPhone.ActiveCfg = Release|Any CPU
		{491308BE-F297-4881-A479-0408C7467151}.Ad-Hoc|iPhone.Build.0 = Release|Any CPU
		{491308BE-F297-4881-A479-0408C7467151}.Ad-Hoc|iPhoneSimulator.ActiveCfg = Release|Any CPU
		{491308BE-F297-4881-A479-0408C7467151}.Ad-Hoc|iPhoneSimulator.Build.0 = Release|Any CPU
		{491308BE-F297-4881-A479-0408C7467151}.Ad-Hoc|x64.ActiveCfg = Release|Any CPU
		{491308BE-F297-4881-A479-0408C7467151}.Ad-Hoc|x64.Build.0 = Release|Any CPU
		{491308BE-F297-4881-A479-0408C7467151}.Ad-Hoc|x86.ActiveCfg = Release|Any CPU
		{491308BE-F297-4881-A479-0408C7467151}.Ad-Hoc|x86.Build.0 = Release|Any CPU
		{491308BE-F297-4881-A479-0408C7467151}.AppStore|Any CPU.ActiveCfg = Release|Any CPU
		{491308BE-F297-4881-A479-0408C7467151}.AppStore|Any CPU.Build.0 = Release|Any CPU
		{491308BE-F297-4881-A479-0408C7467151}.AppStore|ARM.ActiveCfg = Release|Any CPU
		{491308BE-F297-4881-A479-0408C7467151}.AppStore|ARM.Build.0 = Release|Any CPU
		{491308BE-F297-4881-A479-0408C7467151}.AppStore|iPhone.ActiveCfg = Release|Any CPU
		{491308BE-F297-4881-A479-0408C7467151}.AppStore|iPhone.Build.0 = Release|Any CPU
		{491308BE-F297-4881-A479-0408C7467151}.AppStore|iPhoneSimulator.ActiveCfg = Release|Any CPU
		{491308BE-F297-4881-A479-0408C7467151}.AppStore|iPhoneSimulator.Build.0 = Release|Any CPU
		{491308BE-F297-4881-A479-0408C7467151}.AppStore|x64.ActiveCfg = Release|Any CPU
		{491308BE-F297-4881-A479-0408C7467151}.AppStore|x64.Build.0 = Release|Any CPU
		{491308BE-F297-4881-A479-0408C7467151}.AppStore|x86.ActiveCfg = Release|Any CPU
		{491308BE-F297-4881-A479-0408C7467151}.AppStore|x86.Build.0 = Release|Any CPU
		{491308BE-F297-4881-A479-0408C7467151}.Debug|Any CPU.ActiveCfg = Debug|Any CPU
		{491308BE-F297-4881-A479-0408C7467151}.Debug|Any CPU.Build.0 = Debug|Any CPU
		{491308BE-F297-4881-A479-0408C7467151}.Debug|ARM.ActiveCfg = Debug|Any CPU
		{491308BE-F297-4881-A479-0408C7467151}.Debug|ARM.Build.0 = Debug|Any CPU
		{491308BE-F297-4881-A479-0408C7467151}.Debug|iPhone.ActiveCfg = Debug|Any CPU
		{491308BE-F297-4881-A479-0408C7467151}.Debug|iPhone.Build.0 = Debug|Any CPU
		{491308BE-F297-4881-A479-0408C7467151}.Debug|iPhoneSimulator.ActiveCfg = Debug|Any CPU
		{491308BE-F297-4881-A479-0408C7467151}.Debug|iPhoneSimulator.Build.0 = Debug|Any CPU
		{491308BE-F297-4881-A479-0408C7467151}.Debug|x64.ActiveCfg = Debug|Any CPU
		{491308BE-F297-4881-A479-0408C7467151}.Debug|x64.Build.0 = Debug|Any CPU
		{491308BE-F297-4881-A479-0408C7467151}.Debug|x86.ActiveCfg = Debug|Any CPU
		{491308BE-F297-4881-A479-0408C7467151}.Debug|x86.Build.0 = Debug|Any CPU
		{491308BE-F297-4881-A479-0408C7467151}.Release|Any CPU.ActiveCfg = Release|Any CPU
		{491308BE-F297-4881-A479-0408C7467151}.Release|Any CPU.Build.0 = Release|Any CPU
		{491308BE-F297-4881-A479-0408C7467151}.Release|ARM.ActiveCfg = Release|Any CPU
		{491308BE-F297-4881-A479-0408C7467151}.Release|ARM.Build.0 = Release|Any CPU
		{491308BE-F297-4881-A479-0408C7467151}.Release|iPhone.ActiveCfg = Release|Any CPU
		{491308BE-F297-4881-A479-0408C7467151}.Release|iPhone.Build.0 = Release|Any CPU
		{491308BE-F297-4881-A479-0408C7467151}.Release|iPhoneSimulator.ActiveCfg = Release|Any CPU
		{491308BE-F297-4881-A479-0408C7467151}.Release|iPhoneSimulator.Build.0 = Release|Any CPU
		{491308BE-F297-4881-A479-0408C7467151}.Release|x64.ActiveCfg = Release|Any CPU
		{491308BE-F297-4881-A479-0408C7467151}.Release|x64.Build.0 = Release|Any CPU
		{491308BE-F297-4881-A479-0408C7467151}.Release|x86.ActiveCfg = Release|Any CPU
		{491308BE-F297-4881-A479-0408C7467151}.Release|x86.Build.0 = Release|Any CPU
		{55001F95-FF3E-40E7-8D9C-522B8DAEF436}.Ad-Hoc|Any CPU.ActiveCfg = Release|Any CPU
		{55001F95-FF3E-40E7-8D9C-522B8DAEF436}.Ad-Hoc|Any CPU.Build.0 = Release|Any CPU
		{55001F95-FF3E-40E7-8D9C-522B8DAEF436}.Ad-Hoc|ARM.ActiveCfg = Release|Any CPU
		{55001F95-FF3E-40E7-8D9C-522B8DAEF436}.Ad-Hoc|ARM.Build.0 = Release|Any CPU
		{55001F95-FF3E-40E7-8D9C-522B8DAEF436}.Ad-Hoc|iPhone.ActiveCfg = Release|Any CPU
		{55001F95-FF3E-40E7-8D9C-522B8DAEF436}.Ad-Hoc|iPhone.Build.0 = Release|Any CPU
		{55001F95-FF3E-40E7-8D9C-522B8DAEF436}.Ad-Hoc|iPhoneSimulator.ActiveCfg = Release|Any CPU
		{55001F95-FF3E-40E7-8D9C-522B8DAEF436}.Ad-Hoc|iPhoneSimulator.Build.0 = Release|Any CPU
		{55001F95-FF3E-40E7-8D9C-522B8DAEF436}.Ad-Hoc|x64.ActiveCfg = Release|Any CPU
		{55001F95-FF3E-40E7-8D9C-522B8DAEF436}.Ad-Hoc|x64.Build.0 = Release|Any CPU
		{55001F95-FF3E-40E7-8D9C-522B8DAEF436}.Ad-Hoc|x86.ActiveCfg = Release|Any CPU
		{55001F95-FF3E-40E7-8D9C-522B8DAEF436}.Ad-Hoc|x86.Build.0 = Release|Any CPU
		{55001F95-FF3E-40E7-8D9C-522B8DAEF436}.AppStore|Any CPU.ActiveCfg = Release|Any CPU
		{55001F95-FF3E-40E7-8D9C-522B8DAEF436}.AppStore|Any CPU.Build.0 = Release|Any CPU
		{55001F95-FF3E-40E7-8D9C-522B8DAEF436}.AppStore|ARM.ActiveCfg = Release|Any CPU
		{55001F95-FF3E-40E7-8D9C-522B8DAEF436}.AppStore|ARM.Build.0 = Release|Any CPU
		{55001F95-FF3E-40E7-8D9C-522B8DAEF436}.AppStore|iPhone.ActiveCfg = Release|Any CPU
		{55001F95-FF3E-40E7-8D9C-522B8DAEF436}.AppStore|iPhone.Build.0 = Release|Any CPU
		{55001F95-FF3E-40E7-8D9C-522B8DAEF436}.AppStore|iPhoneSimulator.ActiveCfg = Release|Any CPU
		{55001F95-FF3E-40E7-8D9C-522B8DAEF436}.AppStore|iPhoneSimulator.Build.0 = Release|Any CPU
		{55001F95-FF3E-40E7-8D9C-522B8DAEF436}.AppStore|x64.ActiveCfg = Release|Any CPU
		{55001F95-FF3E-40E7-8D9C-522B8DAEF436}.AppStore|x64.Build.0 = Release|Any CPU
		{55001F95-FF3E-40E7-8D9C-522B8DAEF436}.AppStore|x86.ActiveCfg = Release|Any CPU
		{55001F95-FF3E-40E7-8D9C-522B8DAEF436}.AppStore|x86.Build.0 = Release|Any CPU
		{55001F95-FF3E-40E7-8D9C-522B8DAEF436}.Debug|Any CPU.ActiveCfg = Debug|Any CPU
		{55001F95-FF3E-40E7-8D9C-522B8DAEF436}.Debug|Any CPU.Build.0 = Debug|Any CPU
		{55001F95-FF3E-40E7-8D9C-522B8DAEF436}.Debug|ARM.ActiveCfg = Debug|Any CPU
		{55001F95-FF3E-40E7-8D9C-522B8DAEF436}.Debug|ARM.Build.0 = Debug|Any CPU
		{55001F95-FF3E-40E7-8D9C-522B8DAEF436}.Debug|iPhone.ActiveCfg = Debug|Any CPU
		{55001F95-FF3E-40E7-8D9C-522B8DAEF436}.Debug|iPhone.Build.0 = Debug|Any CPU
		{55001F95-FF3E-40E7-8D9C-522B8DAEF436}.Debug|iPhoneSimulator.ActiveCfg = Debug|Any CPU
		{55001F95-FF3E-40E7-8D9C-522B8DAEF436}.Debug|iPhoneSimulator.Build.0 = Debug|Any CPU
		{55001F95-FF3E-40E7-8D9C-522B8DAEF436}.Debug|x64.ActiveCfg = Debug|Any CPU
		{55001F95-FF3E-40E7-8D9C-522B8DAEF436}.Debug|x64.Build.0 = Debug|Any CPU
		{55001F95-FF3E-40E7-8D9C-522B8DAEF436}.Debug|x86.ActiveCfg = Debug|Any CPU
		{55001F95-FF3E-40E7-8D9C-522B8DAEF436}.Debug|x86.Build.0 = Debug|Any CPU
		{55001F95-FF3E-40E7-8D9C-522B8DAEF436}.Release|Any CPU.ActiveCfg = Release|Any CPU
		{55001F95-FF3E-40E7-8D9C-522B8DAEF436}.Release|Any CPU.Build.0 = Release|Any CPU
		{55001F95-FF3E-40E7-8D9C-522B8DAEF436}.Release|ARM.ActiveCfg = Release|Any CPU
		{55001F95-FF3E-40E7-8D9C-522B8DAEF436}.Release|ARM.Build.0 = Release|Any CPU
		{55001F95-FF3E-40E7-8D9C-522B8DAEF436}.Release|iPhone.ActiveCfg = Release|Any CPU
		{55001F95-FF3E-40E7-8D9C-522B8DAEF436}.Release|iPhone.Build.0 = Release|Any CPU
		{55001F95-FF3E-40E7-8D9C-522B8DAEF436}.Release|iPhoneSimulator.ActiveCfg = Release|Any CPU
		{55001F95-FF3E-40E7-8D9C-522B8DAEF436}.Release|iPhoneSimulator.Build.0 = Release|Any CPU
		{55001F95-FF3E-40E7-8D9C-522B8DAEF436}.Release|x64.ActiveCfg = Release|Any CPU
		{55001F95-FF3E-40E7-8D9C-522B8DAEF436}.Release|x64.Build.0 = Release|Any CPU
		{55001F95-FF3E-40E7-8D9C-522B8DAEF436}.Release|x86.ActiveCfg = Release|Any CPU
		{55001F95-FF3E-40E7-8D9C-522B8DAEF436}.Release|x86.Build.0 = Release|Any CPU
		{8224C4DA-BD51-426B-A391-382D8F036F5B}.Ad-Hoc|Any CPU.ActiveCfg = Release|Any CPU
		{8224C4DA-BD51-426B-A391-382D8F036F5B}.Ad-Hoc|Any CPU.Build.0 = Release|Any CPU
		{8224C4DA-BD51-426B-A391-382D8F036F5B}.Ad-Hoc|ARM.ActiveCfg = Release|Any CPU
		{8224C4DA-BD51-426B-A391-382D8F036F5B}.Ad-Hoc|ARM.Build.0 = Release|Any CPU
		{8224C4DA-BD51-426B-A391-382D8F036F5B}.Ad-Hoc|iPhone.ActiveCfg = Release|Any CPU
		{8224C4DA-BD51-426B-A391-382D8F036F5B}.Ad-Hoc|iPhone.Build.0 = Release|Any CPU
		{8224C4DA-BD51-426B-A391-382D8F036F5B}.Ad-Hoc|iPhoneSimulator.ActiveCfg = Release|Any CPU
		{8224C4DA-BD51-426B-A391-382D8F036F5B}.Ad-Hoc|iPhoneSimulator.Build.0 = Release|Any CPU
		{8224C4DA-BD51-426B-A391-382D8F036F5B}.Ad-Hoc|x64.ActiveCfg = Release|Any CPU
		{8224C4DA-BD51-426B-A391-382D8F036F5B}.Ad-Hoc|x64.Build.0 = Release|Any CPU
		{8224C4DA-BD51-426B-A391-382D8F036F5B}.Ad-Hoc|x86.ActiveCfg = Release|Any CPU
		{8224C4DA-BD51-426B-A391-382D8F036F5B}.Ad-Hoc|x86.Build.0 = Release|Any CPU
		{8224C4DA-BD51-426B-A391-382D8F036F5B}.AppStore|Any CPU.ActiveCfg = Release|Any CPU
		{8224C4DA-BD51-426B-A391-382D8F036F5B}.AppStore|Any CPU.Build.0 = Release|Any CPU
		{8224C4DA-BD51-426B-A391-382D8F036F5B}.AppStore|ARM.ActiveCfg = Release|Any CPU
		{8224C4DA-BD51-426B-A391-382D8F036F5B}.AppStore|ARM.Build.0 = Release|Any CPU
		{8224C4DA-BD51-426B-A391-382D8F036F5B}.AppStore|iPhone.ActiveCfg = Release|Any CPU
		{8224C4DA-BD51-426B-A391-382D8F036F5B}.AppStore|iPhone.Build.0 = Release|Any CPU
		{8224C4DA-BD51-426B-A391-382D8F036F5B}.AppStore|iPhoneSimulator.ActiveCfg = Release|Any CPU
		{8224C4DA-BD51-426B-A391-382D8F036F5B}.AppStore|iPhoneSimulator.Build.0 = Release|Any CPU
		{8224C4DA-BD51-426B-A391-382D8F036F5B}.AppStore|x64.ActiveCfg = Release|Any CPU
		{8224C4DA-BD51-426B-A391-382D8F036F5B}.AppStore|x64.Build.0 = Release|Any CPU
		{8224C4DA-BD51-426B-A391-382D8F036F5B}.AppStore|x86.ActiveCfg = Release|Any CPU
		{8224C4DA-BD51-426B-A391-382D8F036F5B}.AppStore|x86.Build.0 = Release|Any CPU
		{8224C4DA-BD51-426B-A391-382D8F036F5B}.Debug|Any CPU.ActiveCfg = Debug|Any CPU
		{8224C4DA-BD51-426B-A391-382D8F036F5B}.Debug|Any CPU.Build.0 = Debug|Any CPU
		{8224C4DA-BD51-426B-A391-382D8F036F5B}.Debug|ARM.ActiveCfg = Debug|Any CPU
		{8224C4DA-BD51-426B-A391-382D8F036F5B}.Debug|ARM.Build.0 = Debug|Any CPU
		{8224C4DA-BD51-426B-A391-382D8F036F5B}.Debug|iPhone.ActiveCfg = Debug|Any CPU
		{8224C4DA-BD51-426B-A391-382D8F036F5B}.Debug|iPhone.Build.0 = Debug|Any CPU
		{8224C4DA-BD51-426B-A391-382D8F036F5B}.Debug|iPhoneSimulator.ActiveCfg = Debug|Any CPU
		{8224C4DA-BD51-426B-A391-382D8F036F5B}.Debug|iPhoneSimulator.Build.0 = Debug|Any CPU
		{8224C4DA-BD51-426B-A391-382D8F036F5B}.Debug|x64.ActiveCfg = Debug|Any CPU
		{8224C4DA-BD51-426B-A391-382D8F036F5B}.Debug|x64.Build.0 = Debug|Any CPU
		{8224C4DA-BD51-426B-A391-382D8F036F5B}.Debug|x86.ActiveCfg = Debug|Any CPU
		{8224C4DA-BD51-426B-A391-382D8F036F5B}.Debug|x86.Build.0 = Debug|Any CPU
		{8224C4DA-BD51-426B-A391-382D8F036F5B}.Release|Any CPU.ActiveCfg = Release|Any CPU
		{8224C4DA-BD51-426B-A391-382D8F036F5B}.Release|Any CPU.Build.0 = Release|Any CPU
		{8224C4DA-BD51-426B-A391-382D8F036F5B}.Release|ARM.ActiveCfg = Release|Any CPU
		{8224C4DA-BD51-426B-A391-382D8F036F5B}.Release|ARM.Build.0 = Release|Any CPU
		{8224C4DA-BD51-426B-A391-382D8F036F5B}.Release|iPhone.ActiveCfg = Release|Any CPU
		{8224C4DA-BD51-426B-A391-382D8F036F5B}.Release|iPhone.Build.0 = Release|Any CPU
		{8224C4DA-BD51-426B-A391-382D8F036F5B}.Release|iPhoneSimulator.ActiveCfg = Release|Any CPU
		{8224C4DA-BD51-426B-A391-382D8F036F5B}.Release|iPhoneSimulator.Build.0 = Release|Any CPU
		{8224C4DA-BD51-426B-A391-382D8F036F5B}.Release|x64.ActiveCfg = Release|Any CPU
		{8224C4DA-BD51-426B-A391-382D8F036F5B}.Release|x64.Build.0 = Release|Any CPU
		{8224C4DA-BD51-426B-A391-382D8F036F5B}.Release|x86.ActiveCfg = Release|Any CPU
		{8224C4DA-BD51-426B-A391-382D8F036F5B}.Release|x86.Build.0 = Release|Any CPU
		{BB1A3BFE-488A-4FD8-B48D-07DEF6D0F1DD}.Ad-Hoc|Any CPU.ActiveCfg = Release|Any CPU
		{BB1A3BFE-488A-4FD8-B48D-07DEF6D0F1DD}.Ad-Hoc|Any CPU.Build.0 = Release|Any CPU
		{BB1A3BFE-488A-4FD8-B48D-07DEF6D0F1DD}.Ad-Hoc|ARM.ActiveCfg = Release|Any CPU
		{BB1A3BFE-488A-4FD8-B48D-07DEF6D0F1DD}.Ad-Hoc|ARM.Build.0 = Release|Any CPU
		{BB1A3BFE-488A-4FD8-B48D-07DEF6D0F1DD}.Ad-Hoc|iPhone.ActiveCfg = Release|Any CPU
		{BB1A3BFE-488A-4FD8-B48D-07DEF6D0F1DD}.Ad-Hoc|iPhone.Build.0 = Release|Any CPU
		{BB1A3BFE-488A-4FD8-B48D-07DEF6D0F1DD}.Ad-Hoc|iPhoneSimulator.ActiveCfg = Release|Any CPU
		{BB1A3BFE-488A-4FD8-B48D-07DEF6D0F1DD}.Ad-Hoc|iPhoneSimulator.Build.0 = Release|Any CPU
		{BB1A3BFE-488A-4FD8-B48D-07DEF6D0F1DD}.Ad-Hoc|x64.ActiveCfg = Release|Any CPU
		{BB1A3BFE-488A-4FD8-B48D-07DEF6D0F1DD}.Ad-Hoc|x64.Build.0 = Release|Any CPU
		{BB1A3BFE-488A-4FD8-B48D-07DEF6D0F1DD}.Ad-Hoc|x86.ActiveCfg = Release|Any CPU
		{BB1A3BFE-488A-4FD8-B48D-07DEF6D0F1DD}.Ad-Hoc|x86.Build.0 = Release|Any CPU
		{BB1A3BFE-488A-4FD8-B48D-07DEF6D0F1DD}.AppStore|Any CPU.ActiveCfg = Release|Any CPU
		{BB1A3BFE-488A-4FD8-B48D-07DEF6D0F1DD}.AppStore|Any CPU.Build.0 = Release|Any CPU
		{BB1A3BFE-488A-4FD8-B48D-07DEF6D0F1DD}.AppStore|ARM.ActiveCfg = Release|Any CPU
		{BB1A3BFE-488A-4FD8-B48D-07DEF6D0F1DD}.AppStore|ARM.Build.0 = Release|Any CPU
		{BB1A3BFE-488A-4FD8-B48D-07DEF6D0F1DD}.AppStore|iPhone.ActiveCfg = Release|Any CPU
		{BB1A3BFE-488A-4FD8-B48D-07DEF6D0F1DD}.AppStore|iPhone.Build.0 = Release|Any CPU
		{BB1A3BFE-488A-4FD8-B48D-07DEF6D0F1DD}.AppStore|iPhoneSimulator.ActiveCfg = Release|Any CPU
		{BB1A3BFE-488A-4FD8-B48D-07DEF6D0F1DD}.AppStore|iPhoneSimulator.Build.0 = Release|Any CPU
		{BB1A3BFE-488A-4FD8-B48D-07DEF6D0F1DD}.AppStore|x64.ActiveCfg = Release|Any CPU
		{BB1A3BFE-488A-4FD8-B48D-07DEF6D0F1DD}.AppStore|x64.Build.0 = Release|Any CPU
		{BB1A3BFE-488A-4FD8-B48D-07DEF6D0F1DD}.AppStore|x86.ActiveCfg = Release|Any CPU
		{BB1A3BFE-488A-4FD8-B48D-07DEF6D0F1DD}.AppStore|x86.Build.0 = Release|Any CPU
		{BB1A3BFE-488A-4FD8-B48D-07DEF6D0F1DD}.Debug|Any CPU.ActiveCfg = Debug|Any CPU
		{BB1A3BFE-488A-4FD8-B48D-07DEF6D0F1DD}.Debug|Any CPU.Build.0 = Debug|Any CPU
		{BB1A3BFE-488A-4FD8-B48D-07DEF6D0F1DD}.Debug|ARM.ActiveCfg = Debug|Any CPU
		{BB1A3BFE-488A-4FD8-B48D-07DEF6D0F1DD}.Debug|ARM.Build.0 = Debug|Any CPU
		{BB1A3BFE-488A-4FD8-B48D-07DEF6D0F1DD}.Debug|iPhone.ActiveCfg = Debug|Any CPU
		{BB1A3BFE-488A-4FD8-B48D-07DEF6D0F1DD}.Debug|iPhone.Build.0 = Debug|Any CPU
		{BB1A3BFE-488A-4FD8-B48D-07DEF6D0F1DD}.Debug|iPhoneSimulator.ActiveCfg = Debug|Any CPU
		{BB1A3BFE-488A-4FD8-B48D-07DEF6D0F1DD}.Debug|iPhoneSimulator.Build.0 = Debug|Any CPU
		{BB1A3BFE-488A-4FD8-B48D-07DEF6D0F1DD}.Debug|x64.ActiveCfg = Debug|Any CPU
		{BB1A3BFE-488A-4FD8-B48D-07DEF6D0F1DD}.Debug|x64.Build.0 = Debug|Any CPU
		{BB1A3BFE-488A-4FD8-B48D-07DEF6D0F1DD}.Debug|x86.ActiveCfg = Debug|Any CPU
		{BB1A3BFE-488A-4FD8-B48D-07DEF6D0F1DD}.Debug|x86.Build.0 = Debug|Any CPU
		{BB1A3BFE-488A-4FD8-B48D-07DEF6D0F1DD}.Release|Any CPU.ActiveCfg = Release|Any CPU
		{BB1A3BFE-488A-4FD8-B48D-07DEF6D0F1DD}.Release|Any CPU.Build.0 = Release|Any CPU
		{BB1A3BFE-488A-4FD8-B48D-07DEF6D0F1DD}.Release|ARM.ActiveCfg = Release|Any CPU
		{BB1A3BFE-488A-4FD8-B48D-07DEF6D0F1DD}.Release|ARM.Build.0 = Release|Any CPU
		{BB1A3BFE-488A-4FD8-B48D-07DEF6D0F1DD}.Release|iPhone.ActiveCfg = Release|Any CPU
		{BB1A3BFE-488A-4FD8-B48D-07DEF6D0F1DD}.Release|iPhone.Build.0 = Release|Any CPU
		{BB1A3BFE-488A-4FD8-B48D-07DEF6D0F1DD}.Release|iPhoneSimulator.ActiveCfg = Release|Any CPU
		{BB1A3BFE-488A-4FD8-B48D-07DEF6D0F1DD}.Release|iPhoneSimulator.Build.0 = Release|Any CPU
		{BB1A3BFE-488A-4FD8-B48D-07DEF6D0F1DD}.Release|x64.ActiveCfg = Release|Any CPU
		{BB1A3BFE-488A-4FD8-B48D-07DEF6D0F1DD}.Release|x64.Build.0 = Release|Any CPU
		{BB1A3BFE-488A-4FD8-B48D-07DEF6D0F1DD}.Release|x86.ActiveCfg = Release|Any CPU
		{BB1A3BFE-488A-4FD8-B48D-07DEF6D0F1DD}.Release|x86.Build.0 = Release|Any CPU
		{4C2A0313-9758-4B95-AE38-2E7B4B4B1215}.Ad-Hoc|Any CPU.ActiveCfg = Release|Any CPU
		{4C2A0313-9758-4B95-AE38-2E7B4B4B1215}.Ad-Hoc|Any CPU.Build.0 = Release|Any CPU
		{4C2A0313-9758-4B95-AE38-2E7B4B4B1215}.Ad-Hoc|ARM.ActiveCfg = Release|Any CPU
		{4C2A0313-9758-4B95-AE38-2E7B4B4B1215}.Ad-Hoc|ARM.Build.0 = Release|Any CPU
		{4C2A0313-9758-4B95-AE38-2E7B4B4B1215}.Ad-Hoc|iPhone.ActiveCfg = Release|Any CPU
		{4C2A0313-9758-4B95-AE38-2E7B4B4B1215}.Ad-Hoc|iPhone.Build.0 = Release|Any CPU
		{4C2A0313-9758-4B95-AE38-2E7B4B4B1215}.Ad-Hoc|iPhoneSimulator.ActiveCfg = Release|Any CPU
		{4C2A0313-9758-4B95-AE38-2E7B4B4B1215}.Ad-Hoc|iPhoneSimulator.Build.0 = Release|Any CPU
		{4C2A0313-9758-4B95-AE38-2E7B4B4B1215}.Ad-Hoc|x64.ActiveCfg = Release|x64
		{4C2A0313-9758-4B95-AE38-2E7B4B4B1215}.Ad-Hoc|x64.Build.0 = Release|x64
		{4C2A0313-9758-4B95-AE38-2E7B4B4B1215}.Ad-Hoc|x86.ActiveCfg = Release|Any CPU
		{4C2A0313-9758-4B95-AE38-2E7B4B4B1215}.Ad-Hoc|x86.Build.0 = Release|Any CPU
		{4C2A0313-9758-4B95-AE38-2E7B4B4B1215}.AppStore|Any CPU.ActiveCfg = Release|Any CPU
		{4C2A0313-9758-4B95-AE38-2E7B4B4B1215}.AppStore|Any CPU.Build.0 = Release|Any CPU
		{4C2A0313-9758-4B95-AE38-2E7B4B4B1215}.AppStore|ARM.ActiveCfg = Release|Any CPU
		{4C2A0313-9758-4B95-AE38-2E7B4B4B1215}.AppStore|ARM.Build.0 = Release|Any CPU
		{4C2A0313-9758-4B95-AE38-2E7B4B4B1215}.AppStore|iPhone.ActiveCfg = Release|Any CPU
		{4C2A0313-9758-4B95-AE38-2E7B4B4B1215}.AppStore|iPhone.Build.0 = Release|Any CPU
		{4C2A0313-9758-4B95-AE38-2E7B4B4B1215}.AppStore|iPhoneSimulator.ActiveCfg = Release|Any CPU
		{4C2A0313-9758-4B95-AE38-2E7B4B4B1215}.AppStore|iPhoneSimulator.Build.0 = Release|Any CPU
		{4C2A0313-9758-4B95-AE38-2E7B4B4B1215}.AppStore|x64.ActiveCfg = Release|x64
		{4C2A0313-9758-4B95-AE38-2E7B4B4B1215}.AppStore|x64.Build.0 = Release|x64
		{4C2A0313-9758-4B95-AE38-2E7B4B4B1215}.AppStore|x86.ActiveCfg = Release|Any CPU
		{4C2A0313-9758-4B95-AE38-2E7B4B4B1215}.AppStore|x86.Build.0 = Release|Any CPU
		{4C2A0313-9758-4B95-AE38-2E7B4B4B1215}.Debug|Any CPU.ActiveCfg = Debug|Any CPU
		{4C2A0313-9758-4B95-AE38-2E7B4B4B1215}.Debug|Any CPU.Build.0 = Debug|Any CPU
		{4C2A0313-9758-4B95-AE38-2E7B4B4B1215}.Debug|ARM.ActiveCfg = Debug|Any CPU
		{4C2A0313-9758-4B95-AE38-2E7B4B4B1215}.Debug|ARM.Build.0 = Debug|Any CPU
		{4C2A0313-9758-4B95-AE38-2E7B4B4B1215}.Debug|iPhone.ActiveCfg = Debug|Any CPU
		{4C2A0313-9758-4B95-AE38-2E7B4B4B1215}.Debug|iPhone.Build.0 = Debug|Any CPU
		{4C2A0313-9758-4B95-AE38-2E7B4B4B1215}.Debug|iPhoneSimulator.ActiveCfg = Debug|Any CPU
		{4C2A0313-9758-4B95-AE38-2E7B4B4B1215}.Debug|iPhoneSimulator.Build.0 = Debug|Any CPU
		{4C2A0313-9758-4B95-AE38-2E7B4B4B1215}.Debug|x64.ActiveCfg = Debug|x64
		{4C2A0313-9758-4B95-AE38-2E7B4B4B1215}.Debug|x64.Build.0 = Debug|x64
		{4C2A0313-9758-4B95-AE38-2E7B4B4B1215}.Debug|x86.ActiveCfg = Debug|Any CPU
		{4C2A0313-9758-4B95-AE38-2E7B4B4B1215}.Debug|x86.Build.0 = Debug|Any CPU
		{4C2A0313-9758-4B95-AE38-2E7B4B4B1215}.Release|Any CPU.ActiveCfg = Release|Any CPU
		{4C2A0313-9758-4B95-AE38-2E7B4B4B1215}.Release|Any CPU.Build.0 = Release|Any CPU
		{4C2A0313-9758-4B95-AE38-2E7B4B4B1215}.Release|ARM.ActiveCfg = Release|Any CPU
		{4C2A0313-9758-4B95-AE38-2E7B4B4B1215}.Release|ARM.Build.0 = Release|Any CPU
		{4C2A0313-9758-4B95-AE38-2E7B4B4B1215}.Release|iPhone.ActiveCfg = Release|Any CPU
		{4C2A0313-9758-4B95-AE38-2E7B4B4B1215}.Release|iPhone.Build.0 = Release|Any CPU
		{4C2A0313-9758-4B95-AE38-2E7B4B4B1215}.Release|iPhoneSimulator.ActiveCfg = Release|Any CPU
		{4C2A0313-9758-4B95-AE38-2E7B4B4B1215}.Release|iPhoneSimulator.Build.0 = Release|Any CPU
		{4C2A0313-9758-4B95-AE38-2E7B4B4B1215}.Release|x64.ActiveCfg = Release|x64
		{4C2A0313-9758-4B95-AE38-2E7B4B4B1215}.Release|x64.Build.0 = Release|x64
		{4C2A0313-9758-4B95-AE38-2E7B4B4B1215}.Release|x86.ActiveCfg = Release|Any CPU
		{4C2A0313-9758-4B95-AE38-2E7B4B4B1215}.Release|x86.Build.0 = Release|Any CPU
		{B4D66F55-CC72-42D7-8F1F-A035B736E4C5}.Ad-Hoc|Any CPU.ActiveCfg = Release|Any CPU
		{B4D66F55-CC72-42D7-8F1F-A035B736E4C5}.Ad-Hoc|Any CPU.Build.0 = Release|Any CPU
		{B4D66F55-CC72-42D7-8F1F-A035B736E4C5}.Ad-Hoc|ARM.ActiveCfg = Release|Any CPU
		{B4D66F55-CC72-42D7-8F1F-A035B736E4C5}.Ad-Hoc|ARM.Build.0 = Release|Any CPU
		{B4D66F55-CC72-42D7-8F1F-A035B736E4C5}.Ad-Hoc|iPhone.ActiveCfg = Release|Any CPU
		{B4D66F55-CC72-42D7-8F1F-A035B736E4C5}.Ad-Hoc|iPhone.Build.0 = Release|Any CPU
		{B4D66F55-CC72-42D7-8F1F-A035B736E4C5}.Ad-Hoc|iPhoneSimulator.ActiveCfg = Release|Any CPU
		{B4D66F55-CC72-42D7-8F1F-A035B736E4C5}.Ad-Hoc|iPhoneSimulator.Build.0 = Release|Any CPU
		{B4D66F55-CC72-42D7-8F1F-A035B736E4C5}.Ad-Hoc|x64.ActiveCfg = Release|Any CPU
		{B4D66F55-CC72-42D7-8F1F-A035B736E4C5}.Ad-Hoc|x64.Build.0 = Release|Any CPU
		{B4D66F55-CC72-42D7-8F1F-A035B736E4C5}.Ad-Hoc|x86.ActiveCfg = Release|Any CPU
		{B4D66F55-CC72-42D7-8F1F-A035B736E4C5}.Ad-Hoc|x86.Build.0 = Release|Any CPU
		{B4D66F55-CC72-42D7-8F1F-A035B736E4C5}.AppStore|Any CPU.ActiveCfg = Release|Any CPU
		{B4D66F55-CC72-42D7-8F1F-A035B736E4C5}.AppStore|Any CPU.Build.0 = Release|Any CPU
		{B4D66F55-CC72-42D7-8F1F-A035B736E4C5}.AppStore|ARM.ActiveCfg = Release|Any CPU
		{B4D66F55-CC72-42D7-8F1F-A035B736E4C5}.AppStore|ARM.Build.0 = Release|Any CPU
		{B4D66F55-CC72-42D7-8F1F-A035B736E4C5}.AppStore|iPhone.ActiveCfg = Release|Any CPU
		{B4D66F55-CC72-42D7-8F1F-A035B736E4C5}.AppStore|iPhone.Build.0 = Release|Any CPU
		{B4D66F55-CC72-42D7-8F1F-A035B736E4C5}.AppStore|iPhoneSimulator.ActiveCfg = Release|Any CPU
		{B4D66F55-CC72-42D7-8F1F-A035B736E4C5}.AppStore|iPhoneSimulator.Build.0 = Release|Any CPU
		{B4D66F55-CC72-42D7-8F1F-A035B736E4C5}.AppStore|x64.ActiveCfg = Release|Any CPU
		{B4D66F55-CC72-42D7-8F1F-A035B736E4C5}.AppStore|x64.Build.0 = Release|Any CPU
		{B4D66F55-CC72-42D7-8F1F-A035B736E4C5}.AppStore|x86.ActiveCfg = Release|Any CPU
		{B4D66F55-CC72-42D7-8F1F-A035B736E4C5}.AppStore|x86.Build.0 = Release|Any CPU
		{B4D66F55-CC72-42D7-8F1F-A035B736E4C5}.Debug|Any CPU.ActiveCfg = Debug|Any CPU
		{B4D66F55-CC72-42D7-8F1F-A035B736E4C5}.Debug|Any CPU.Build.0 = Debug|Any CPU
		{B4D66F55-CC72-42D7-8F1F-A035B736E4C5}.Debug|ARM.ActiveCfg = Debug|Any CPU
		{B4D66F55-CC72-42D7-8F1F-A035B736E4C5}.Debug|ARM.Build.0 = Debug|Any CPU
		{B4D66F55-CC72-42D7-8F1F-A035B736E4C5}.Debug|iPhone.ActiveCfg = Debug|Any CPU
		{B4D66F55-CC72-42D7-8F1F-A035B736E4C5}.Debug|iPhone.Build.0 = Debug|Any CPU
		{B4D66F55-CC72-42D7-8F1F-A035B736E4C5}.Debug|iPhoneSimulator.ActiveCfg = Debug|Any CPU
		{B4D66F55-CC72-42D7-8F1F-A035B736E4C5}.Debug|iPhoneSimulator.Build.0 = Debug|Any CPU
		{B4D66F55-CC72-42D7-8F1F-A035B736E4C5}.Debug|x64.ActiveCfg = Debug|Any CPU
		{B4D66F55-CC72-42D7-8F1F-A035B736E4C5}.Debug|x64.Build.0 = Debug|Any CPU
		{B4D66F55-CC72-42D7-8F1F-A035B736E4C5}.Debug|x86.ActiveCfg = Debug|Any CPU
		{B4D66F55-CC72-42D7-8F1F-A035B736E4C5}.Debug|x86.Build.0 = Debug|Any CPU
		{B4D66F55-CC72-42D7-8F1F-A035B736E4C5}.Release|Any CPU.ActiveCfg = Release|Any CPU
		{B4D66F55-CC72-42D7-8F1F-A035B736E4C5}.Release|Any CPU.Build.0 = Release|Any CPU
		{B4D66F55-CC72-42D7-8F1F-A035B736E4C5}.Release|ARM.ActiveCfg = Release|Any CPU
		{B4D66F55-CC72-42D7-8F1F-A035B736E4C5}.Release|ARM.Build.0 = Release|Any CPU
		{B4D66F55-CC72-42D7-8F1F-A035B736E4C5}.Release|iPhone.ActiveCfg = Release|Any CPU
		{B4D66F55-CC72-42D7-8F1F-A035B736E4C5}.Release|iPhone.Build.0 = Release|Any CPU
		{B4D66F55-CC72-42D7-8F1F-A035B736E4C5}.Release|iPhoneSimulator.ActiveCfg = Release|Any CPU
		{B4D66F55-CC72-42D7-8F1F-A035B736E4C5}.Release|iPhoneSimulator.Build.0 = Release|Any CPU
		{B4D66F55-CC72-42D7-8F1F-A035B736E4C5}.Release|x64.ActiveCfg = Release|Any CPU
		{B4D66F55-CC72-42D7-8F1F-A035B736E4C5}.Release|x64.Build.0 = Release|Any CPU
		{B4D66F55-CC72-42D7-8F1F-A035B736E4C5}.Release|x86.ActiveCfg = Release|Any CPU
		{B4D66F55-CC72-42D7-8F1F-A035B736E4C5}.Release|x86.Build.0 = Release|Any CPU
		{F72A426F-7B7E-458F-A026-8AA5AFF0028E}.Ad-Hoc|Any CPU.ActiveCfg = Release|Any CPU
		{F72A426F-7B7E-458F-A026-8AA5AFF0028E}.Ad-Hoc|Any CPU.Build.0 = Release|Any CPU
		{F72A426F-7B7E-458F-A026-8AA5AFF0028E}.Ad-Hoc|ARM.ActiveCfg = Release|Any CPU
		{F72A426F-7B7E-458F-A026-8AA5AFF0028E}.Ad-Hoc|ARM.Build.0 = Release|Any CPU
		{F72A426F-7B7E-458F-A026-8AA5AFF0028E}.Ad-Hoc|iPhone.ActiveCfg = Release|Any CPU
		{F72A426F-7B7E-458F-A026-8AA5AFF0028E}.Ad-Hoc|iPhone.Build.0 = Release|Any CPU
		{F72A426F-7B7E-458F-A026-8AA5AFF0028E}.Ad-Hoc|iPhoneSimulator.ActiveCfg = Release|Any CPU
		{F72A426F-7B7E-458F-A026-8AA5AFF0028E}.Ad-Hoc|iPhoneSimulator.Build.0 = Release|Any CPU
		{F72A426F-7B7E-458F-A026-8AA5AFF0028E}.Ad-Hoc|x64.ActiveCfg = Release|Any CPU
		{F72A426F-7B7E-458F-A026-8AA5AFF0028E}.Ad-Hoc|x64.Build.0 = Release|Any CPU
		{F72A426F-7B7E-458F-A026-8AA5AFF0028E}.Ad-Hoc|x86.ActiveCfg = Release|Any CPU
		{F72A426F-7B7E-458F-A026-8AA5AFF0028E}.Ad-Hoc|x86.Build.0 = Release|Any CPU
		{F72A426F-7B7E-458F-A026-8AA5AFF0028E}.AppStore|Any CPU.ActiveCfg = Release|Any CPU
		{F72A426F-7B7E-458F-A026-8AA5AFF0028E}.AppStore|Any CPU.Build.0 = Release|Any CPU
		{F72A426F-7B7E-458F-A026-8AA5AFF0028E}.AppStore|ARM.ActiveCfg = Release|Any CPU
		{F72A426F-7B7E-458F-A026-8AA5AFF0028E}.AppStore|ARM.Build.0 = Release|Any CPU
		{F72A426F-7B7E-458F-A026-8AA5AFF0028E}.AppStore|iPhone.ActiveCfg = Release|Any CPU
		{F72A426F-7B7E-458F-A026-8AA5AFF0028E}.AppStore|iPhone.Build.0 = Release|Any CPU
		{F72A426F-7B7E-458F-A026-8AA5AFF0028E}.AppStore|iPhoneSimulator.ActiveCfg = Release|Any CPU
		{F72A426F-7B7E-458F-A026-8AA5AFF0028E}.AppStore|iPhoneSimulator.Build.0 = Release|Any CPU
		{F72A426F-7B7E-458F-A026-8AA5AFF0028E}.AppStore|x64.ActiveCfg = Release|Any CPU
		{F72A426F-7B7E-458F-A026-8AA5AFF0028E}.AppStore|x64.Build.0 = Release|Any CPU
		{F72A426F-7B7E-458F-A026-8AA5AFF0028E}.AppStore|x86.ActiveCfg = Release|Any CPU
		{F72A426F-7B7E-458F-A026-8AA5AFF0028E}.AppStore|x86.Build.0 = Release|Any CPU
		{F72A426F-7B7E-458F-A026-8AA5AFF0028E}.Debug|Any CPU.ActiveCfg = Debug|Any CPU
		{F72A426F-7B7E-458F-A026-8AA5AFF0028E}.Debug|Any CPU.Build.0 = Debug|Any CPU
		{F72A426F-7B7E-458F-A026-8AA5AFF0028E}.Debug|ARM.ActiveCfg = Debug|Any CPU
		{F72A426F-7B7E-458F-A026-8AA5AFF0028E}.Debug|ARM.Build.0 = Debug|Any CPU
		{F72A426F-7B7E-458F-A026-8AA5AFF0028E}.Debug|iPhone.ActiveCfg = Debug|Any CPU
		{F72A426F-7B7E-458F-A026-8AA5AFF0028E}.Debug|iPhone.Build.0 = Debug|Any CPU
		{F72A426F-7B7E-458F-A026-8AA5AFF0028E}.Debug|iPhoneSimulator.ActiveCfg = Debug|Any CPU
		{F72A426F-7B7E-458F-A026-8AA5AFF0028E}.Debug|iPhoneSimulator.Build.0 = Debug|Any CPU
		{F72A426F-7B7E-458F-A026-8AA5AFF0028E}.Debug|x64.ActiveCfg = Debug|Any CPU
		{F72A426F-7B7E-458F-A026-8AA5AFF0028E}.Debug|x64.Build.0 = Debug|Any CPU
		{F72A426F-7B7E-458F-A026-8AA5AFF0028E}.Debug|x86.ActiveCfg = Debug|Any CPU
		{F72A426F-7B7E-458F-A026-8AA5AFF0028E}.Debug|x86.Build.0 = Debug|Any CPU
		{F72A426F-7B7E-458F-A026-8AA5AFF0028E}.Release|Any CPU.ActiveCfg = Release|Any CPU
		{F72A426F-7B7E-458F-A026-8AA5AFF0028E}.Release|Any CPU.Build.0 = Release|Any CPU
		{F72A426F-7B7E-458F-A026-8AA5AFF0028E}.Release|ARM.ActiveCfg = Release|Any CPU
		{F72A426F-7B7E-458F-A026-8AA5AFF0028E}.Release|ARM.Build.0 = Release|Any CPU
		{F72A426F-7B7E-458F-A026-8AA5AFF0028E}.Release|iPhone.ActiveCfg = Release|Any CPU
		{F72A426F-7B7E-458F-A026-8AA5AFF0028E}.Release|iPhone.Build.0 = Release|Any CPU
		{F72A426F-7B7E-458F-A026-8AA5AFF0028E}.Release|iPhoneSimulator.ActiveCfg = Release|Any CPU
		{F72A426F-7B7E-458F-A026-8AA5AFF0028E}.Release|iPhoneSimulator.Build.0 = Release|Any CPU
		{F72A426F-7B7E-458F-A026-8AA5AFF0028E}.Release|x64.ActiveCfg = Release|Any CPU
		{F72A426F-7B7E-458F-A026-8AA5AFF0028E}.Release|x64.Build.0 = Release|Any CPU
		{F72A426F-7B7E-458F-A026-8AA5AFF0028E}.Release|x86.ActiveCfg = Release|Any CPU
		{F72A426F-7B7E-458F-A026-8AA5AFF0028E}.Release|x86.Build.0 = Release|Any CPU
		{C8EAC3F4-5B00-440E-BA8D-2E690B9C44A6}.Ad-Hoc|Any CPU.ActiveCfg = Release|Any CPU
		{C8EAC3F4-5B00-440E-BA8D-2E690B9C44A6}.Ad-Hoc|Any CPU.Build.0 = Release|Any CPU
		{C8EAC3F4-5B00-440E-BA8D-2E690B9C44A6}.Ad-Hoc|ARM.ActiveCfg = Release|Any CPU
		{C8EAC3F4-5B00-440E-BA8D-2E690B9C44A6}.Ad-Hoc|ARM.Build.0 = Release|Any CPU
		{C8EAC3F4-5B00-440E-BA8D-2E690B9C44A6}.Ad-Hoc|iPhone.ActiveCfg = Release|Any CPU
		{C8EAC3F4-5B00-440E-BA8D-2E690B9C44A6}.Ad-Hoc|iPhone.Build.0 = Release|Any CPU
		{C8EAC3F4-5B00-440E-BA8D-2E690B9C44A6}.Ad-Hoc|iPhoneSimulator.ActiveCfg = Release|Any CPU
		{C8EAC3F4-5B00-440E-BA8D-2E690B9C44A6}.Ad-Hoc|iPhoneSimulator.Build.0 = Release|Any CPU
		{C8EAC3F4-5B00-440E-BA8D-2E690B9C44A6}.Ad-Hoc|x64.ActiveCfg = Release|Any CPU
		{C8EAC3F4-5B00-440E-BA8D-2E690B9C44A6}.Ad-Hoc|x64.Build.0 = Release|Any CPU
		{C8EAC3F4-5B00-440E-BA8D-2E690B9C44A6}.Ad-Hoc|x86.ActiveCfg = Release|Any CPU
		{C8EAC3F4-5B00-440E-BA8D-2E690B9C44A6}.Ad-Hoc|x86.Build.0 = Release|Any CPU
		{C8EAC3F4-5B00-440E-BA8D-2E690B9C44A6}.AppStore|Any CPU.ActiveCfg = Release|Any CPU
		{C8EAC3F4-5B00-440E-BA8D-2E690B9C44A6}.AppStore|Any CPU.Build.0 = Release|Any CPU
		{C8EAC3F4-5B00-440E-BA8D-2E690B9C44A6}.AppStore|ARM.ActiveCfg = Release|Any CPU
		{C8EAC3F4-5B00-440E-BA8D-2E690B9C44A6}.AppStore|ARM.Build.0 = Release|Any CPU
		{C8EAC3F4-5B00-440E-BA8D-2E690B9C44A6}.AppStore|iPhone.ActiveCfg = Release|Any CPU
		{C8EAC3F4-5B00-440E-BA8D-2E690B9C44A6}.AppStore|iPhone.Build.0 = Release|Any CPU
		{C8EAC3F4-5B00-440E-BA8D-2E690B9C44A6}.AppStore|iPhoneSimulator.ActiveCfg = Release|Any CPU
		{C8EAC3F4-5B00-440E-BA8D-2E690B9C44A6}.AppStore|iPhoneSimulator.Build.0 = Release|Any CPU
		{C8EAC3F4-5B00-440E-BA8D-2E690B9C44A6}.AppStore|x64.ActiveCfg = Release|Any CPU
		{C8EAC3F4-5B00-440E-BA8D-2E690B9C44A6}.AppStore|x64.Build.0 = Release|Any CPU
		{C8EAC3F4-5B00-440E-BA8D-2E690B9C44A6}.AppStore|x86.ActiveCfg = Release|Any CPU
		{C8EAC3F4-5B00-440E-BA8D-2E690B9C44A6}.AppStore|x86.Build.0 = Release|Any CPU
		{C8EAC3F4-5B00-440E-BA8D-2E690B9C44A6}.Debug|Any CPU.ActiveCfg = Debug|Any CPU
		{C8EAC3F4-5B00-440E-BA8D-2E690B9C44A6}.Debug|Any CPU.Build.0 = Debug|Any CPU
		{C8EAC3F4-5B00-440E-BA8D-2E690B9C44A6}.Debug|ARM.ActiveCfg = Debug|Any CPU
		{C8EAC3F4-5B00-440E-BA8D-2E690B9C44A6}.Debug|ARM.Build.0 = Debug|Any CPU
		{C8EAC3F4-5B00-440E-BA8D-2E690B9C44A6}.Debug|iPhone.ActiveCfg = Debug|Any CPU
		{C8EAC3F4-5B00-440E-BA8D-2E690B9C44A6}.Debug|iPhone.Build.0 = Debug|Any CPU
		{C8EAC3F4-5B00-440E-BA8D-2E690B9C44A6}.Debug|iPhoneSimulator.ActiveCfg = Debug|Any CPU
		{C8EAC3F4-5B00-440E-BA8D-2E690B9C44A6}.Debug|iPhoneSimulator.Build.0 = Debug|Any CPU
		{C8EAC3F4-5B00-440E-BA8D-2E690B9C44A6}.Debug|x64.ActiveCfg = Debug|Any CPU
		{C8EAC3F4-5B00-440E-BA8D-2E690B9C44A6}.Debug|x64.Build.0 = Debug|Any CPU
		{C8EAC3F4-5B00-440E-BA8D-2E690B9C44A6}.Debug|x86.ActiveCfg = Debug|Any CPU
		{C8EAC3F4-5B00-440E-BA8D-2E690B9C44A6}.Debug|x86.Build.0 = Debug|Any CPU
		{C8EAC3F4-5B00-440E-BA8D-2E690B9C44A6}.Release|Any CPU.ActiveCfg = Release|Any CPU
		{C8EAC3F4-5B00-440E-BA8D-2E690B9C44A6}.Release|Any CPU.Build.0 = Release|Any CPU
		{C8EAC3F4-5B00-440E-BA8D-2E690B9C44A6}.Release|ARM.ActiveCfg = Release|Any CPU
		{C8EAC3F4-5B00-440E-BA8D-2E690B9C44A6}.Release|ARM.Build.0 = Release|Any CPU
		{C8EAC3F4-5B00-440E-BA8D-2E690B9C44A6}.Release|iPhone.ActiveCfg = Release|Any CPU
		{C8EAC3F4-5B00-440E-BA8D-2E690B9C44A6}.Release|iPhone.Build.0 = Release|Any CPU
		{C8EAC3F4-5B00-440E-BA8D-2E690B9C44A6}.Release|iPhoneSimulator.ActiveCfg = Release|Any CPU
		{C8EAC3F4-5B00-440E-BA8D-2E690B9C44A6}.Release|iPhoneSimulator.Build.0 = Release|Any CPU
		{C8EAC3F4-5B00-440E-BA8D-2E690B9C44A6}.Release|x64.ActiveCfg = Release|Any CPU
		{C8EAC3F4-5B00-440E-BA8D-2E690B9C44A6}.Release|x64.Build.0 = Release|Any CPU
		{C8EAC3F4-5B00-440E-BA8D-2E690B9C44A6}.Release|x86.ActiveCfg = Release|Any CPU
		{C8EAC3F4-5B00-440E-BA8D-2E690B9C44A6}.Release|x86.Build.0 = Release|Any CPU
		{AC22EE09-B002-437D-9125-343CBF6C83E3}.Ad-Hoc|Any CPU.ActiveCfg = Debug|Any CPU
		{AC22EE09-B002-437D-9125-343CBF6C83E3}.Ad-Hoc|Any CPU.Build.0 = Debug|Any CPU
		{AC22EE09-B002-437D-9125-343CBF6C83E3}.Ad-Hoc|Any CPU.Deploy.0 = Debug|Any CPU
		{AC22EE09-B002-437D-9125-343CBF6C83E3}.Ad-Hoc|ARM.ActiveCfg = Debug|Any CPU
		{AC22EE09-B002-437D-9125-343CBF6C83E3}.Ad-Hoc|ARM.Build.0 = Debug|Any CPU
		{AC22EE09-B002-437D-9125-343CBF6C83E3}.Ad-Hoc|ARM.Deploy.0 = Debug|Any CPU
		{AC22EE09-B002-437D-9125-343CBF6C83E3}.Ad-Hoc|iPhone.ActiveCfg = Debug|Any CPU
		{AC22EE09-B002-437D-9125-343CBF6C83E3}.Ad-Hoc|iPhone.Build.0 = Debug|Any CPU
		{AC22EE09-B002-437D-9125-343CBF6C83E3}.Ad-Hoc|iPhone.Deploy.0 = Debug|Any CPU
		{AC22EE09-B002-437D-9125-343CBF6C83E3}.Ad-Hoc|iPhoneSimulator.ActiveCfg = Debug|Any CPU
		{AC22EE09-B002-437D-9125-343CBF6C83E3}.Ad-Hoc|iPhoneSimulator.Build.0 = Debug|Any CPU
		{AC22EE09-B002-437D-9125-343CBF6C83E3}.Ad-Hoc|iPhoneSimulator.Deploy.0 = Debug|Any CPU
		{AC22EE09-B002-437D-9125-343CBF6C83E3}.Ad-Hoc|x64.ActiveCfg = Debug|Any CPU
		{AC22EE09-B002-437D-9125-343CBF6C83E3}.Ad-Hoc|x64.Build.0 = Debug|Any CPU
		{AC22EE09-B002-437D-9125-343CBF6C83E3}.Ad-Hoc|x64.Deploy.0 = Debug|Any CPU
		{AC22EE09-B002-437D-9125-343CBF6C83E3}.Ad-Hoc|x86.ActiveCfg = Debug|Any CPU
		{AC22EE09-B002-437D-9125-343CBF6C83E3}.Ad-Hoc|x86.Build.0 = Debug|Any CPU
		{AC22EE09-B002-437D-9125-343CBF6C83E3}.Ad-Hoc|x86.Deploy.0 = Debug|Any CPU
		{AC22EE09-B002-437D-9125-343CBF6C83E3}.AppStore|Any CPU.ActiveCfg = Debug|Any CPU
		{AC22EE09-B002-437D-9125-343CBF6C83E3}.AppStore|Any CPU.Build.0 = Debug|Any CPU
		{AC22EE09-B002-437D-9125-343CBF6C83E3}.AppStore|Any CPU.Deploy.0 = Debug|Any CPU
		{AC22EE09-B002-437D-9125-343CBF6C83E3}.AppStore|ARM.ActiveCfg = Debug|Any CPU
		{AC22EE09-B002-437D-9125-343CBF6C83E3}.AppStore|ARM.Build.0 = Debug|Any CPU
		{AC22EE09-B002-437D-9125-343CBF6C83E3}.AppStore|ARM.Deploy.0 = Debug|Any CPU
		{AC22EE09-B002-437D-9125-343CBF6C83E3}.AppStore|iPhone.ActiveCfg = Debug|Any CPU
		{AC22EE09-B002-437D-9125-343CBF6C83E3}.AppStore|iPhone.Build.0 = Debug|Any CPU
		{AC22EE09-B002-437D-9125-343CBF6C83E3}.AppStore|iPhone.Deploy.0 = Debug|Any CPU
		{AC22EE09-B002-437D-9125-343CBF6C83E3}.AppStore|iPhoneSimulator.ActiveCfg = Debug|Any CPU
		{AC22EE09-B002-437D-9125-343CBF6C83E3}.AppStore|iPhoneSimulator.Build.0 = Debug|Any CPU
		{AC22EE09-B002-437D-9125-343CBF6C83E3}.AppStore|iPhoneSimulator.Deploy.0 = Debug|Any CPU
		{AC22EE09-B002-437D-9125-343CBF6C83E3}.AppStore|x64.ActiveCfg = Debug|Any CPU
		{AC22EE09-B002-437D-9125-343CBF6C83E3}.AppStore|x64.Build.0 = Debug|Any CPU
		{AC22EE09-B002-437D-9125-343CBF6C83E3}.AppStore|x64.Deploy.0 = Debug|Any CPU
		{AC22EE09-B002-437D-9125-343CBF6C83E3}.AppStore|x86.ActiveCfg = Debug|Any CPU
		{AC22EE09-B002-437D-9125-343CBF6C83E3}.AppStore|x86.Build.0 = Debug|Any CPU
		{AC22EE09-B002-437D-9125-343CBF6C83E3}.AppStore|x86.Deploy.0 = Debug|Any CPU
		{AC22EE09-B002-437D-9125-343CBF6C83E3}.Debug|Any CPU.ActiveCfg = Debug|Any CPU
		{AC22EE09-B002-437D-9125-343CBF6C83E3}.Debug|Any CPU.Build.0 = Debug|Any CPU
		{AC22EE09-B002-437D-9125-343CBF6C83E3}.Debug|Any CPU.Deploy.0 = Debug|Any CPU
		{AC22EE09-B002-437D-9125-343CBF6C83E3}.Debug|ARM.ActiveCfg = Debug|Any CPU
		{AC22EE09-B002-437D-9125-343CBF6C83E3}.Debug|ARM.Build.0 = Debug|Any CPU
		{AC22EE09-B002-437D-9125-343CBF6C83E3}.Debug|ARM.Deploy.0 = Debug|Any CPU
		{AC22EE09-B002-437D-9125-343CBF6C83E3}.Debug|iPhone.ActiveCfg = Debug|Any CPU
		{AC22EE09-B002-437D-9125-343CBF6C83E3}.Debug|iPhone.Build.0 = Debug|Any CPU
		{AC22EE09-B002-437D-9125-343CBF6C83E3}.Debug|iPhone.Deploy.0 = Debug|Any CPU
		{AC22EE09-B002-437D-9125-343CBF6C83E3}.Debug|iPhoneSimulator.ActiveCfg = Debug|Any CPU
		{AC22EE09-B002-437D-9125-343CBF6C83E3}.Debug|iPhoneSimulator.Build.0 = Debug|Any CPU
		{AC22EE09-B002-437D-9125-343CBF6C83E3}.Debug|iPhoneSimulator.Deploy.0 = Debug|Any CPU
		{AC22EE09-B002-437D-9125-343CBF6C83E3}.Debug|x64.ActiveCfg = Debug|Any CPU
		{AC22EE09-B002-437D-9125-343CBF6C83E3}.Debug|x64.Build.0 = Debug|Any CPU
		{AC22EE09-B002-437D-9125-343CBF6C83E3}.Debug|x64.Deploy.0 = Debug|Any CPU
		{AC22EE09-B002-437D-9125-343CBF6C83E3}.Debug|x86.ActiveCfg = Debug|Any CPU
		{AC22EE09-B002-437D-9125-343CBF6C83E3}.Debug|x86.Build.0 = Debug|Any CPU
		{AC22EE09-B002-437D-9125-343CBF6C83E3}.Debug|x86.Deploy.0 = Debug|Any CPU
		{AC22EE09-B002-437D-9125-343CBF6C83E3}.Release|Any CPU.ActiveCfg = Release|Any CPU
		{AC22EE09-B002-437D-9125-343CBF6C83E3}.Release|Any CPU.Build.0 = Release|Any CPU
		{AC22EE09-B002-437D-9125-343CBF6C83E3}.Release|Any CPU.Deploy.0 = Release|Any CPU
		{AC22EE09-B002-437D-9125-343CBF6C83E3}.Release|ARM.ActiveCfg = Release|Any CPU
		{AC22EE09-B002-437D-9125-343CBF6C83E3}.Release|ARM.Build.0 = Release|Any CPU
		{AC22EE09-B002-437D-9125-343CBF6C83E3}.Release|ARM.Deploy.0 = Release|Any CPU
		{AC22EE09-B002-437D-9125-343CBF6C83E3}.Release|iPhone.ActiveCfg = Release|Any CPU
		{AC22EE09-B002-437D-9125-343CBF6C83E3}.Release|iPhone.Build.0 = Release|Any CPU
		{AC22EE09-B002-437D-9125-343CBF6C83E3}.Release|iPhone.Deploy.0 = Release|Any CPU
		{AC22EE09-B002-437D-9125-343CBF6C83E3}.Release|iPhoneSimulator.ActiveCfg = Release|Any CPU
		{AC22EE09-B002-437D-9125-343CBF6C83E3}.Release|iPhoneSimulator.Build.0 = Release|Any CPU
		{AC22EE09-B002-437D-9125-343CBF6C83E3}.Release|iPhoneSimulator.Deploy.0 = Release|Any CPU
		{AC22EE09-B002-437D-9125-343CBF6C83E3}.Release|x64.ActiveCfg = Release|Any CPU
		{AC22EE09-B002-437D-9125-343CBF6C83E3}.Release|x64.Build.0 = Release|Any CPU
		{AC22EE09-B002-437D-9125-343CBF6C83E3}.Release|x64.Deploy.0 = Release|Any CPU
		{AC22EE09-B002-437D-9125-343CBF6C83E3}.Release|x86.ActiveCfg = Release|Any CPU
		{AC22EE09-B002-437D-9125-343CBF6C83E3}.Release|x86.Build.0 = Release|Any CPU
		{AC22EE09-B002-437D-9125-343CBF6C83E3}.Release|x86.Deploy.0 = Release|Any CPU
		{F5EB3846-8713-4318-A195-5B417B2AA8FE}.Ad-Hoc|Any CPU.ActiveCfg = Ad-Hoc|iPhoneSimulator
		{F5EB3846-8713-4318-A195-5B417B2AA8FE}.Ad-Hoc|ARM.ActiveCfg = Ad-Hoc|iPhoneSimulator
		{F5EB3846-8713-4318-A195-5B417B2AA8FE}.Ad-Hoc|iPhone.ActiveCfg = Ad-Hoc|iPhone
		{F5EB3846-8713-4318-A195-5B417B2AA8FE}.Ad-Hoc|iPhone.Build.0 = Ad-Hoc|iPhone
		{F5EB3846-8713-4318-A195-5B417B2AA8FE}.Ad-Hoc|iPhoneSimulator.ActiveCfg = Ad-Hoc|iPhoneSimulator
		{F5EB3846-8713-4318-A195-5B417B2AA8FE}.Ad-Hoc|iPhoneSimulator.Build.0 = Ad-Hoc|iPhoneSimulator
		{F5EB3846-8713-4318-A195-5B417B2AA8FE}.Ad-Hoc|x64.ActiveCfg = Ad-Hoc|iPhoneSimulator
		{F5EB3846-8713-4318-A195-5B417B2AA8FE}.Ad-Hoc|x86.ActiveCfg = Ad-Hoc|iPhoneSimulator
		{F5EB3846-8713-4318-A195-5B417B2AA8FE}.AppStore|Any CPU.ActiveCfg = AppStore|iPhoneSimulator
		{F5EB3846-8713-4318-A195-5B417B2AA8FE}.AppStore|ARM.ActiveCfg = AppStore|iPhoneSimulator
		{F5EB3846-8713-4318-A195-5B417B2AA8FE}.AppStore|iPhone.ActiveCfg = AppStore|iPhone
		{F5EB3846-8713-4318-A195-5B417B2AA8FE}.AppStore|iPhone.Build.0 = AppStore|iPhone
		{F5EB3846-8713-4318-A195-5B417B2AA8FE}.AppStore|iPhoneSimulator.ActiveCfg = AppStore|iPhoneSimulator
		{F5EB3846-8713-4318-A195-5B417B2AA8FE}.AppStore|iPhoneSimulator.Build.0 = AppStore|iPhoneSimulator
		{F5EB3846-8713-4318-A195-5B417B2AA8FE}.AppStore|x64.ActiveCfg = AppStore|iPhoneSimulator
		{F5EB3846-8713-4318-A195-5B417B2AA8FE}.AppStore|x86.ActiveCfg = AppStore|iPhoneSimulator
		{F5EB3846-8713-4318-A195-5B417B2AA8FE}.Debug|Any CPU.ActiveCfg = Debug|iPhoneSimulator
		{F5EB3846-8713-4318-A195-5B417B2AA8FE}.Debug|ARM.ActiveCfg = Debug|iPhoneSimulator
		{F5EB3846-8713-4318-A195-5B417B2AA8FE}.Debug|iPhone.ActiveCfg = Debug|iPhone
		{F5EB3846-8713-4318-A195-5B417B2AA8FE}.Debug|iPhone.Build.0 = Debug|iPhone
		{F5EB3846-8713-4318-A195-5B417B2AA8FE}.Debug|iPhoneSimulator.ActiveCfg = Debug|iPhoneSimulator
		{F5EB3846-8713-4318-A195-5B417B2AA8FE}.Debug|iPhoneSimulator.Build.0 = Debug|iPhoneSimulator
		{F5EB3846-8713-4318-A195-5B417B2AA8FE}.Debug|x64.ActiveCfg = Debug|iPhoneSimulator
		{F5EB3846-8713-4318-A195-5B417B2AA8FE}.Debug|x86.ActiveCfg = Debug|iPhoneSimulator
		{F5EB3846-8713-4318-A195-5B417B2AA8FE}.Release|Any CPU.ActiveCfg = Release|iPhoneSimulator
		{F5EB3846-8713-4318-A195-5B417B2AA8FE}.Release|ARM.ActiveCfg = Release|iPhoneSimulator
		{F5EB3846-8713-4318-A195-5B417B2AA8FE}.Release|iPhone.ActiveCfg = Release|iPhone
		{F5EB3846-8713-4318-A195-5B417B2AA8FE}.Release|iPhone.Build.0 = Release|iPhone
		{F5EB3846-8713-4318-A195-5B417B2AA8FE}.Release|iPhoneSimulator.ActiveCfg = Release|iPhoneSimulator
		{F5EB3846-8713-4318-A195-5B417B2AA8FE}.Release|iPhoneSimulator.Build.0 = Release|iPhoneSimulator
		{F5EB3846-8713-4318-A195-5B417B2AA8FE}.Release|x64.ActiveCfg = Release|iPhoneSimulator
		{F5EB3846-8713-4318-A195-5B417B2AA8FE}.Release|x86.ActiveCfg = Release|iPhoneSimulator
		{9F6436E5-84DC-44B2-908C-7DF655BC48C7}.Ad-Hoc|Any CPU.ActiveCfg = Debug|ARM
		{9F6436E5-84DC-44B2-908C-7DF655BC48C7}.Ad-Hoc|Any CPU.Build.0 = Debug|ARM
		{9F6436E5-84DC-44B2-908C-7DF655BC48C7}.Ad-Hoc|Any CPU.Deploy.0 = Debug|ARM
		{9F6436E5-84DC-44B2-908C-7DF655BC48C7}.Ad-Hoc|ARM.ActiveCfg = Debug|ARM
		{9F6436E5-84DC-44B2-908C-7DF655BC48C7}.Ad-Hoc|ARM.Build.0 = Debug|ARM
		{9F6436E5-84DC-44B2-908C-7DF655BC48C7}.Ad-Hoc|ARM.Deploy.0 = Debug|ARM
		{9F6436E5-84DC-44B2-908C-7DF655BC48C7}.Ad-Hoc|iPhone.ActiveCfg = Debug|ARM
		{9F6436E5-84DC-44B2-908C-7DF655BC48C7}.Ad-Hoc|iPhone.Build.0 = Debug|ARM
		{9F6436E5-84DC-44B2-908C-7DF655BC48C7}.Ad-Hoc|iPhone.Deploy.0 = Debug|ARM
		{9F6436E5-84DC-44B2-908C-7DF655BC48C7}.Ad-Hoc|iPhoneSimulator.ActiveCfg = Debug|ARM
		{9F6436E5-84DC-44B2-908C-7DF655BC48C7}.Ad-Hoc|iPhoneSimulator.Build.0 = Debug|ARM
		{9F6436E5-84DC-44B2-908C-7DF655BC48C7}.Ad-Hoc|iPhoneSimulator.Deploy.0 = Debug|ARM
		{9F6436E5-84DC-44B2-908C-7DF655BC48C7}.Ad-Hoc|x64.ActiveCfg = Debug|x64
		{9F6436E5-84DC-44B2-908C-7DF655BC48C7}.Ad-Hoc|x64.Build.0 = Debug|x64
		{9F6436E5-84DC-44B2-908C-7DF655BC48C7}.Ad-Hoc|x64.Deploy.0 = Debug|x64
		{9F6436E5-84DC-44B2-908C-7DF655BC48C7}.Ad-Hoc|x86.ActiveCfg = Debug|x86
		{9F6436E5-84DC-44B2-908C-7DF655BC48C7}.Ad-Hoc|x86.Build.0 = Debug|x86
		{9F6436E5-84DC-44B2-908C-7DF655BC48C7}.Ad-Hoc|x86.Deploy.0 = Debug|x86
		{9F6436E5-84DC-44B2-908C-7DF655BC48C7}.AppStore|Any CPU.ActiveCfg = Debug|ARM
		{9F6436E5-84DC-44B2-908C-7DF655BC48C7}.AppStore|Any CPU.Build.0 = Debug|ARM
		{9F6436E5-84DC-44B2-908C-7DF655BC48C7}.AppStore|Any CPU.Deploy.0 = Debug|ARM
		{9F6436E5-84DC-44B2-908C-7DF655BC48C7}.AppStore|ARM.ActiveCfg = Debug|ARM
		{9F6436E5-84DC-44B2-908C-7DF655BC48C7}.AppStore|ARM.Build.0 = Debug|ARM
		{9F6436E5-84DC-44B2-908C-7DF655BC48C7}.AppStore|ARM.Deploy.0 = Debug|ARM
		{9F6436E5-84DC-44B2-908C-7DF655BC48C7}.AppStore|iPhone.ActiveCfg = Debug|ARM
		{9F6436E5-84DC-44B2-908C-7DF655BC48C7}.AppStore|iPhone.Build.0 = Debug|ARM
		{9F6436E5-84DC-44B2-908C-7DF655BC48C7}.AppStore|iPhone.Deploy.0 = Debug|ARM
		{9F6436E5-84DC-44B2-908C-7DF655BC48C7}.AppStore|iPhoneSimulator.ActiveCfg = Debug|ARM
		{9F6436E5-84DC-44B2-908C-7DF655BC48C7}.AppStore|iPhoneSimulator.Build.0 = Debug|ARM
		{9F6436E5-84DC-44B2-908C-7DF655BC48C7}.AppStore|iPhoneSimulator.Deploy.0 = Debug|ARM
		{9F6436E5-84DC-44B2-908C-7DF655BC48C7}.AppStore|x64.ActiveCfg = Debug|x64
		{9F6436E5-84DC-44B2-908C-7DF655BC48C7}.AppStore|x64.Build.0 = Debug|x64
		{9F6436E5-84DC-44B2-908C-7DF655BC48C7}.AppStore|x64.Deploy.0 = Debug|x64
		{9F6436E5-84DC-44B2-908C-7DF655BC48C7}.AppStore|x86.ActiveCfg = Debug|x86
		{9F6436E5-84DC-44B2-908C-7DF655BC48C7}.AppStore|x86.Build.0 = Debug|x86
		{9F6436E5-84DC-44B2-908C-7DF655BC48C7}.AppStore|x86.Deploy.0 = Debug|x86
		{9F6436E5-84DC-44B2-908C-7DF655BC48C7}.Debug|Any CPU.ActiveCfg = Debug|x86
		{9F6436E5-84DC-44B2-908C-7DF655BC48C7}.Debug|ARM.ActiveCfg = Debug|ARM
		{9F6436E5-84DC-44B2-908C-7DF655BC48C7}.Debug|ARM.Build.0 = Debug|ARM
		{9F6436E5-84DC-44B2-908C-7DF655BC48C7}.Debug|ARM.Deploy.0 = Debug|ARM
		{9F6436E5-84DC-44B2-908C-7DF655BC48C7}.Debug|iPhone.ActiveCfg = Debug|x86
		{9F6436E5-84DC-44B2-908C-7DF655BC48C7}.Debug|iPhoneSimulator.ActiveCfg = Debug|x86
		{9F6436E5-84DC-44B2-908C-7DF655BC48C7}.Debug|x64.ActiveCfg = Debug|x64
		{9F6436E5-84DC-44B2-908C-7DF655BC48C7}.Debug|x64.Build.0 = Debug|x64
		{9F6436E5-84DC-44B2-908C-7DF655BC48C7}.Debug|x64.Deploy.0 = Debug|x64
		{9F6436E5-84DC-44B2-908C-7DF655BC48C7}.Debug|x86.ActiveCfg = Debug|x86
		{9F6436E5-84DC-44B2-908C-7DF655BC48C7}.Debug|x86.Build.0 = Debug|x86
		{9F6436E5-84DC-44B2-908C-7DF655BC48C7}.Debug|x86.Deploy.0 = Debug|x86
		{9F6436E5-84DC-44B2-908C-7DF655BC48C7}.Release|Any CPU.ActiveCfg = Release|x86
		{9F6436E5-84DC-44B2-908C-7DF655BC48C7}.Release|ARM.ActiveCfg = Release|ARM
		{9F6436E5-84DC-44B2-908C-7DF655BC48C7}.Release|ARM.Build.0 = Release|ARM
		{9F6436E5-84DC-44B2-908C-7DF655BC48C7}.Release|ARM.Deploy.0 = Release|ARM
		{9F6436E5-84DC-44B2-908C-7DF655BC48C7}.Release|iPhone.ActiveCfg = Release|x86
		{9F6436E5-84DC-44B2-908C-7DF655BC48C7}.Release|iPhoneSimulator.ActiveCfg = Release|x86
		{9F6436E5-84DC-44B2-908C-7DF655BC48C7}.Release|x64.ActiveCfg = Release|x64
		{9F6436E5-84DC-44B2-908C-7DF655BC48C7}.Release|x64.Build.0 = Release|x64
		{9F6436E5-84DC-44B2-908C-7DF655BC48C7}.Release|x64.Deploy.0 = Release|x64
		{9F6436E5-84DC-44B2-908C-7DF655BC48C7}.Release|x86.ActiveCfg = Release|x86
		{9F6436E5-84DC-44B2-908C-7DF655BC48C7}.Release|x86.Build.0 = Release|x86
		{9F6436E5-84DC-44B2-908C-7DF655BC48C7}.Release|x86.Deploy.0 = Release|x86
	EndGlobalSection
	GlobalSection(SolutionProperties) = preSolution
		HideSolutionNode = FALSE
	EndGlobalSection
	GlobalSection(ExtensibilityGlobals) = postSolution
		SolutionGuid = {2B7E53AF-EE59-43BD-9B83-840B1769926C}
	EndGlobalSection
EndGlobal
